// !$*UTF8*$!
{
	archiveVersion = 1;
	classes = {
	};
	objectVersion = 51;
	objects = {

/* Begin PBXBuildFile section */
		000D937326DCAC190099A749 /* open.js in Resources */ = {isa = PBXBuildFile; fileRef = 000D937226DCAC190099A749 /* open.js */; };
		00306C5B26F095D400BB04E1 /* RxFSPagerViewDelegateProxy.swift in Sources */ = {isa = PBXBuildFile; fileRef = 00306C5A26F095D400BB04E1 /* RxFSPagerViewDelegateProxy.swift */; };
		00306C5D26F0A63400BB04E1 /* FSPagerView+Rx.swift in Sources */ = {isa = PBXBuildFile; fileRef = 00306C5C26F0A63400BB04E1 /* FSPagerView+Rx.swift */; };
		0038326826F5821E0071EE7E /* InfoCell.swift in Sources */ = {isa = PBXBuildFile; fileRef = 0038326726F5821E0071EE7E /* InfoCell.swift */; };
		003B6303278FBB5600EA265E /* Header.swift in Sources */ = {isa = PBXBuildFile; fileRef = 003B6302278FBB5600EA265E /* Header.swift */; };
		0041309927B3A16B0083A313 /* UITraitCollection+Extension.swift in Sources */ = {isa = PBXBuildFile; fileRef = 0041309827B3A16B0083A313 /* UITraitCollection+Extension.swift */; };
		0048E6CE277AAB1900F6C739 /* MyJueJinController.swift in Sources */ = {isa = PBXBuildFile; fileRef = 0048E6CD277AAB1900F6C739 /* MyJueJinController.swift */; };
		0048E6D0277AAB6000F6C739 /* MyGitHubController.swift in Sources */ = {isa = PBXBuildFile; fileRef = 0048E6CF277AAB6000F6C739 /* MyGitHubController.swift */; };
		0048E6D6277AB21F00F6C739 /* appStore.js in Resources */ = {isa = PBXBuildFile; fileRef = 0048E6D5277AB21F00F6C739 /* appStore.js */; };
		0048E6D8277AB4E100F6C739 /* WebView+Extension.swift in Sources */ = {isa = PBXBuildFile; fileRef = 0048E6D7277AB4E100F6C739 /* WebView+Extension.swift */; };
		005BD7F628489494000B6885 /* ScriptMessageHandlerType.swift in Sources */ = {isa = PBXBuildFile; fileRef = 005BD7F528489494000B6885 /* ScriptMessageHandlerType.swift */; };
		00634E8B26E9D4BD00B3350D /* Setter.swift in Sources */ = {isa = PBXBuildFile; fileRef = 00634E8A26E9D4BD00B3350D /* Setter.swift */; };
		006C5A6426F423EF004998A9 /* RxWebViewControllerDelegateProxy.swift in Sources */ = {isa = PBXBuildFile; fileRef = 006C5A6326F423EF004998A9 /* RxWebViewControllerDelegateProxy.swift */; };
		006C5A6626F4259A004998A9 /* WebViewController+Rx.swift in Sources */ = {isa = PBXBuildFile; fileRef = 006C5A6526F4259A004998A9 /* WebViewController+Rx.swift */; };
		007ED6F526A50EB600D2EE94 /* SnapKitLayoutController.swift in Sources */ = {isa = PBXBuildFile; fileRef = 007ED6F426A50EB500D2EE94 /* SnapKitLayoutController.swift */; };
		0082108D26E1FF3300525CE4 /* DebugLog.swift in Sources */ = {isa = PBXBuildFile; fileRef = 0082108C26E1FF3300525CE4 /* DebugLog.swift */; };
		0082108F26E20AC000525CE4 /* UIPanGestureRecognizer+Extension.swift in Sources */ = {isa = PBXBuildFile; fileRef = 0082108E26E20AC000525CE4 /* UIPanGestureRecognizer+Extension.swift */; };
		008598BF27B4E0DA003E9EF7 /* InfoPlist.strings in Resources */ = {isa = PBXBuildFile; fileRef = 008598C127B4E0DA003E9EF7 /* InfoPlist.strings */; };
		009723D226EC4B8D00A77EAC /* EditTableViewController.swift in Sources */ = {isa = PBXBuildFile; fileRef = 009723D126EC4B8D00A77EAC /* EditTableViewController.swift */; };
		00BD699926EF1C2E00C5C04B /* Rx+Operators.swift in Sources */ = {isa = PBXBuildFile; fileRef = 00BD699826EF1C2E00C5C04B /* Rx+Operators.swift */; };
		00CC8000283B8A4400E92A6C /* Codable+Extension.swift in Sources */ = {isa = PBXBuildFile; fileRef = 00CC7FFF283B8A4400E92A6C /* Codable+Extension.swift */; };
		00E1904226D4C66200683BDE /* Provider.swift in Sources */ = {isa = PBXBuildFile; fileRef = 00E1904126D4C66200683BDE /* Provider.swift */; };
		55EA58A30501AC412E0C2561 /* Pods_RxStudy.framework in Frameworks */ = {isa = PBXBuildFile; fileRef = D76530C2026EEA5366404510 /* Pods_RxStudy.framework */; };
		611471CC26B106AC00E298F5 /* UIColor+Extension.swift in Sources */ = {isa = PBXBuildFile; fileRef = 611471CB26B106AC00E298F5 /* UIColor+Extension.swift */; };
		6114ABEF267AD6CD0082BA67 /* MyCoin.json in Resources */ = {isa = PBXBuildFile; fileRef = 6114ABEE267AD6CD0082BA67 /* MyCoin.json */; };
		6114ABF1267AD8450082BA67 /* R.generated.swift in Sources */ = {isa = PBXBuildFile; fileRef = 6114ABF0267AD8450082BA67 /* R.generated.swift */; };
		6114ABF3267AD8AB0082BA67 /* Pods-RxStudy-acknowledgements.plist in Resources */ = {isa = PBXBuildFile; fileRef = 6114ABF2267AD8AB0082BA67 /* Pods-RxStudy-acknowledgements.plist */; };
		6114ABF5267ADF6E0082BA67 /* MyView.swift in Sources */ = {isa = PBXBuildFile; fileRef = 6114ABF4267ADF6E0082BA67 /* MyView.swift */; };
		6114ABF7267AECE30082BA67 /* MyCoinController.swift in Sources */ = {isa = PBXBuildFile; fileRef = 6114ABF6267AECE20082BA67 /* MyCoinController.swift */; };
		6114ABF9267AED660082BA67 /* MyCollectionController.swift in Sources */ = {isa = PBXBuildFile; fileRef = 6114ABF8267AED660082BA67 /* MyCollectionController.swift */; };
		611E2E032660782C001585AE /* ConstraintArray+Extensions.swift in Sources */ = {isa = PBXBuildFile; fileRef = 611E2E012660782B001585AE /* ConstraintArray+Extensions.swift */; };
		611E2E042660782C001585AE /* ConstraintArrayDSL.swift in Sources */ = {isa = PBXBuildFile; fileRef = 611E2E022660782B001585AE /* ConstraintArrayDSL.swift */; };
		611E2E0626607869001585AE /* HotKeyController.swift in Sources */ = {isa = PBXBuildFile; fileRef = 611E2E0526607869001585AE /* HotKeyController.swift */; };
		611E2E0826607929001585AE /* HotKey.swift in Sources */ = {isa = PBXBuildFile; fileRef = 611E2E0726607929001585AE /* HotKey.swift */; };
		611E2E0A2660797C001585AE /* HotKeyViewModel.swift in Sources */ = {isa = PBXBuildFile; fileRef = 611E2E092660797C001585AE /* HotKeyViewModel.swift */; };
		611E2E0C26608E00001585AE /* SearcResultController.swift in Sources */ = {isa = PBXBuildFile; fileRef = 611E2E0B26608E00001585AE /* SearcResultController.swift */; };
		611E2E0E266090C0001585AE /* SearchResultViewModel.swift in Sources */ = {isa = PBXBuildFile; fileRef = 611E2E0D266090C0001585AE /* SearchResultViewModel.swift */; };
		611E2E10266096EA001585AE /* String+Extension.swift in Sources */ = {isa = PBXBuildFile; fileRef = 611E2E0F266096E9001585AE /* String+Extension.swift */; };
		612DBF5C220022BA007F73CC /* AppDelegate.swift in Sources */ = {isa = PBXBuildFile; fileRef = 612DBF5B220022BA007F73CC /* AppDelegate.swift */; };
		612DBF5E220022BA007F73CC /* ViewController.swift in Sources */ = {isa = PBXBuildFile; fileRef = 612DBF5D220022BA007F73CC /* ViewController.swift */; };
		612DBF61220022BA007F73CC /* Main.storyboard in Resources */ = {isa = PBXBuildFile; fileRef = 612DBF5F220022BA007F73CC /* Main.storyboard */; };
		612DBF63220022BE007F73CC /* Assets.xcassets in Resources */ = {isa = PBXBuildFile; fileRef = 612DBF62220022BE007F73CC /* Assets.xcassets */; };
		612DBF66220022BE007F73CC /* LaunchScreen.storyboard in Resources */ = {isa = PBXBuildFile; fileRef = 612DBF64220022BE007F73CC /* LaunchScreen.storyboard */; };
		61336C702656415000FDEB2A /* Api.swift in Sources */ = {isa = PBXBuildFile; fileRef = 61336C6F2656415000FDEB2A /* Api.swift */; };
		61336C732656433000FDEB2A /* BaseModel.swift in Sources */ = {isa = PBXBuildFile; fileRef = 61336C722656433000FDEB2A /* BaseModel.swift */; };
		61336C752656443A00FDEB2A /* Banner.swift in Sources */ = {isa = PBXBuildFile; fileRef = 61336C742656443A00FDEB2A /* Banner.swift */; };
		61336C78265644DC00FDEB2A /* HomeService.swift in Sources */ = {isa = PBXBuildFile; fileRef = 61336C77265644DC00FDEB2A /* HomeService.swift */; };
		61336C7B2656494900FDEB2A /* Int+Extension.swift in Sources */ = {isa = PBXBuildFile; fileRef = 61336C7A2656494900FDEB2A /* Int+Extension.swift */; };
		61336C7D2656499100FDEB2A /* Dictionary+Extension.swift in Sources */ = {isa = PBXBuildFile; fileRef = 61336C7C2656499100FDEB2A /* Dictionary+Extension.swift */; };
		61336C7F2656642700FDEB2A /* Page.swift in Sources */ = {isa = PBXBuildFile; fileRef = 61336C7E2656642700FDEB2A /* Page.swift */; };
		61336C812656667900FDEB2A /* Info.swift in Sources */ = {isa = PBXBuildFile; fileRef = 61336C802656667900FDEB2A /* Info.swift */; };
		61336C8326574C4D00FDEB2A /* MyService.swift in Sources */ = {isa = PBXBuildFile; fileRef = 61336C8226574C4D00FDEB2A /* MyService.swift */; };
		61336C8526574E0500FDEB2A /* CoinRank.swift in Sources */ = {isa = PBXBuildFile; fileRef = 61336C8426574E0500FDEB2A /* CoinRank.swift */; };
		61336C882657537100FDEB2A /* CoinRankListController.swift in Sources */ = {isa = PBXBuildFile; fileRef = 61336C872657537100FDEB2A /* CoinRankListController.swift */; };
		61336C8B2657581100FDEB2A /* BaseViewController.swift in Sources */ = {isa = PBXBuildFile; fileRef = 61336C8A2657581100FDEB2A /* BaseViewController.swift */; };
		6164F0FF268F053000CD43DF /* MyBaseWebViewController.swift in Sources */ = {isa = PBXBuildFile; fileRef = 6164F0FE268F052F00CD43DF /* MyBaseWebViewController.swift */; };
		616EC96E269E8154008FAFDF /* SVProgressHUD+Extension.swift in Sources */ = {isa = PBXBuildFile; fileRef = 616EC96D269E8154008FAFDF /* SVProgressHUD+Extension.swift */; };
		616EC970269E822E008FAFDF /* HUD.swift in Sources */ = {isa = PBXBuildFile; fileRef = 616EC96F269E822E008FAFDF /* HUD.swift */; };
		61716A9F267B3A4A00F9DC25 /* SwiftCoinRankListController.swift in Sources */ = {isa = PBXBuildFile; fileRef = 61716A9E267B3A4A00F9DC25 /* SwiftCoinRankListController.swift */; };
		61716AA1267B3EEA00F9DC25 /* RxSwiftCoinRankListController.swift in Sources */ = {isa = PBXBuildFile; fileRef = 61716AA0267B3EEA00F9DC25 /* RxSwiftCoinRankListController.swift */; };
		6171E18C2664B08C0065C34D /* BaseTableViewController.swift in Sources */ = {isa = PBXBuildFile; fileRef = 6171E18B2664B08C0065C34D /* BaseTableViewController.swift */; };
		6171E18F2665D4190065C34D /* MyController.swift in Sources */ = {isa = PBXBuildFile; fileRef = 6171E18E2665D4180065C34D /* MyController.swift */; };
		6171E1912665D7640065C34D /* LoginController.swift in Sources */ = {isa = PBXBuildFile; fileRef = 6171E1902665D7640065C34D /* LoginController.swift */; };
		6171E1982665FE570065C34D /* Constant.swift in Sources */ = {isa = PBXBuildFile; fileRef = 6171E1972665FE570065C34D /* Constant.swift */; };
		6171E19B266611650065C34D /* AccountService.swift in Sources */ = {isa = PBXBuildFile; fileRef = 6171E19A266611650065C34D /* AccountService.swift */; };
		6171E19D266615850065C34D /* AccountInfo.swift in Sources */ = {isa = PBXBuildFile; fileRef = 6171E19C266615850065C34D /* AccountInfo.swift */; };
		6171E19F26661AAA0065C34D /* AccountBaseController.swift in Sources */ = {isa = PBXBuildFile; fileRef = 6171E19E26661AA90065C34D /* AccountBaseController.swift */; };
		6171E1A126661EC60065C34D /* RegisterController.swift in Sources */ = {isa = PBXBuildFile; fileRef = 6171E1A026661EC60065C34D /* RegisterController.swift */; };
		6171E1A3266623D10065C34D /* AccountManager.swift in Sources */ = {isa = PBXBuildFile; fileRef = 6171E1A2266623D10065C34D /* AccountManager.swift */; };
		617AAA39265CAD820029A83F /* Moya+Plugin.swift in Sources */ = {isa = PBXBuildFile; fileRef = 617AAA38265CAD820029A83F /* Moya+Plugin.swift */; };
		617AAA3B265CC7BF0029A83F /* BaseViewModel.swift in Sources */ = {isa = PBXBuildFile; fileRef = 617AAA3A265CC7BF0029A83F /* BaseViewModel.swift */; };
		617E44F3269574CF00DA9EA2 /* ViewState.swift in Sources */ = {isa = PBXBuildFile; fileRef = 617E44F2269574CF00DA9EA2 /* ViewState.swift */; };
		6186948D267C4DBC0086F051 /* MJRefresh+RxSwift.swift in Sources */ = {isa = PBXBuildFile; fileRef = 6186948B267C4DBB0086F051 /* MJRefresh+RxSwift.swift */; };
		6186948E267C4DBC0086F051 /* UIScrollView+RxSwift.swift in Sources */ = {isa = PBXBuildFile; fileRef = 6186948C267C4DBB0086F051 /* UIScrollView+RxSwift.swift */; };
		6194601126B12D2200A66F77 /* README.md in Resources */ = {isa = PBXBuildFile; fileRef = 6194601026B12D2200A66F77 /* README.md */; };
		61990340265F2DBB002C8A1A /* SingleTabListController.swift in Sources */ = {isa = PBXBuildFile; fileRef = 6199033F265F2DBB002C8A1A /* SingleTabListController.swift */; };
		61990342265F2F07002C8A1A /* SingleTabListViewModel.swift in Sources */ = {isa = PBXBuildFile; fileRef = 61990341265F2F07002C8A1A /* SingleTabListViewModel.swift */; };
		619BA35C26895DDF007C7135 /* BaseNavigationController.swift in Sources */ = {isa = PBXBuildFile; fileRef = 619BA35B26895DDF007C7135 /* BaseNavigationController.swift */; };
		619EDB352660BA920056A3D9 /* MBProgressHUD+Extension.swift in Sources */ = {isa = PBXBuildFile; fileRef = 619EDB342660BA920056A3D9 /* MBProgressHUD+Extension.swift */; };
		619EDB372660BF820056A3D9 /* InfoViewCell.swift in Sources */ = {isa = PBXBuildFile; fileRef = 619EDB362660BF820056A3D9 /* InfoViewCell.swift */; };
		61A6ED0A265C963900E3CA9D /* ViewModelProtocol.swift in Sources */ = {isa = PBXBuildFile; fileRef = 61A6ED09265C963900E3CA9D /* ViewModelProtocol.swift */; };
		61A6ED10265C9D2A00E3CA9D /* HomeController.swift in Sources */ = {isa = PBXBuildFile; fileRef = 61A6ED0F265C9D2A00E3CA9D /* HomeController.swift */; };
		61A6ED12265C9D6800E3CA9D /* HomeViewModel.swift in Sources */ = {isa = PBXBuildFile; fileRef = 61A6ED11265C9D6800E3CA9D /* HomeViewModel.swift */; };
		61B13D6026808DC100665A08 /* ThirdPartyController.swift in Sources */ = {isa = PBXBuildFile; fileRef = 61B13D5F26808DC100665A08 /* ThirdPartyController.swift */; };
		61B13D622680915400665A08 /* ThirdPartyDetailController.swift in Sources */ = {isa = PBXBuildFile; fileRef = 61B13D612680915400665A08 /* ThirdPartyDetailController.swift */; };
		61B44A4126B79CA500791859 /* Transform.swift in Sources */ = {isa = PBXBuildFile; fileRef = 61B44A4026B79CA500791859 /* Transform.swift */; };
		61B539002678863A00EEFE1F /* My.swift in Sources */ = {isa = PBXBuildFile; fileRef = 61B538FF2678863A00EEFE1F /* My.swift */; };
		61B5390226789F4D00EEFE1F /* MyHistoryCoin.swift in Sources */ = {isa = PBXBuildFile; fileRef = 61B5390126789F4D00EEFE1F /* MyHistoryCoin.swift */; };
		61B79950268190F40025EADE /* MyCoinViewModel.swift in Sources */ = {isa = PBXBuildFile; fileRef = 61B7994F268190F40025EADE /* MyCoinViewModel.swift */; };
		61B79952268193D00025EADE /* MyCollectionViewModel.swift in Sources */ = {isa = PBXBuildFile; fileRef = 61B79951268193D00025EADE /* MyCollectionViewModel.swift */; };
		61B799542681B5760025EADE /* WebViewModel.swift in Sources */ = {isa = PBXBuildFile; fileRef = 61B799532681B5760025EADE /* WebViewModel.swift */; };
		61BB7C462679C4F800990636 /* MyViewModel.swift in Sources */ = {isa = PBXBuildFile; fileRef = 61BB7C452679C4F800990636 /* MyViewModel.swift */; };
		61BB7C59267A057700990636 /* Logout.json in Resources */ = {isa = PBXBuildFile; fileRef = 61BB7C48267A057700990636 /* Logout.json */; };
		61BB7C5A267A057700990636 /* LoginAndRegister.json in Resources */ = {isa = PBXBuildFile; fileRef = 61BB7C49267A057700990636 /* LoginAndRegister.json */; };
		61BB7C5B267A057700990636 /* ArticleNormalList.json in Resources */ = {isa = PBXBuildFile; fileRef = 61BB7C4A267A057700990636 /* ArticleNormalList.json */; };
		61BB7C5C267A057700990636 /* MyCollectList.json in Resources */ = {isa = PBXBuildFile; fileRef = 61BB7C4B267A057700990636 /* MyCollectList.json */; };
		61BB7C5D267A057700990636 /* RankList.json in Resources */ = {isa = PBXBuildFile; fileRef = 61BB7C4C267A057700990636 /* RankList.json */; };
		61BB7C5E267A057700990636 /* AMapLocation.json in Resources */ = {isa = PBXBuildFile; fileRef = 61BB7C4D267A057700990636 /* AMapLocation.json */; };
		61BB7C5F267A057700990636 /* Banner.json in Resources */ = {isa = PBXBuildFile; fileRef = 61BB7C4E267A057700990636 /* Banner.json */; };
		61BB7C60267A057700990636 /* CollectArticleAction.json in Resources */ = {isa = PBXBuildFile; fileRef = 61BB7C4F267A057700990636 /* CollectArticleAction.json */; };
		61BB7C61267A057700990636 /* PublicNumber.json in Resources */ = {isa = PBXBuildFile; fileRef = 61BB7C50267A057700990636 /* PublicNumber.json */; };
		61BB7C62267A057700990636 /* ArticleTopList.json in Resources */ = {isa = PBXBuildFile; fileRef = 61BB7C51267A057700990636 /* ArticleTopList.json */; };
		61BB7C63267A057700990636 /* PublicNumberList.json in Resources */ = {isa = PBXBuildFile; fileRef = 61BB7C52267A057700990636 /* PublicNumberList.json */; };
		61BB7C64267A057700990636 /* SearchResult.json in Resources */ = {isa = PBXBuildFile; fileRef = 61BB7C53267A057700990636 /* SearchResult.json */; };
		61BB7C65267A057700990636 /* ProjectClassify.json in Resources */ = {isa = PBXBuildFile; fileRef = 61BB7C54267A057700990636 /* ProjectClassify.json */; };
		61BB7C66267A057700990636 /* MyCoinList.json in Resources */ = {isa = PBXBuildFile; fileRef = 61BB7C55267A057700990636 /* MyCoinList.json */; };
		61BB7C67267A057700990636 /* HotKey.json in Resources */ = {isa = PBXBuildFile; fileRef = 61BB7C56267A057700990636 /* HotKey.json */; };
		61BB7C68267A057700990636 /* ProjectClassifyList.json in Resources */ = {isa = PBXBuildFile; fileRef = 61BB7C57267A057700990636 /* ProjectClassifyList.json */; };
		61BB7C69267A057700990636 /* Tree.json in Resources */ = {isa = PBXBuildFile; fileRef = 61BB7C58267A057700990636 /* Tree.json */; };
		61BF833D265B41E50063EE4E /* NSObject+Extension.swift in Sources */ = {isa = PBXBuildFile; fileRef = 61BF833C265B41E50063EE4E /* NSObject+Extension.swift */; };
		61BF8340265B8CCA0063EE4E /* CoinRankViewModel.swift in Sources */ = {isa = PBXBuildFile; fileRef = 61BF833F265B8CCA0063EE4E /* CoinRankViewModel.swift */; };
		61C9792F265E282C00E7A1BC /* ProjectService.swift in Sources */ = {isa = PBXBuildFile; fileRef = 61C9792E265E282C00E7A1BC /* ProjectService.swift */; };
		61C97936265E2AB400E7A1BC /* TagType.swift in Sources */ = {isa = PBXBuildFile; fileRef = 61C97935265E2AB400E7A1BC /* TagType.swift */; };
		61C97938265E2B0400E7A1BC /* TabsController.swift in Sources */ = {isa = PBXBuildFile; fileRef = 61C97937265E2B0400E7A1BC /* TabsController.swift */; };
		61CE1D97265E51BC0039E288 /* TabsViewModel.swift in Sources */ = {isa = PBXBuildFile; fileRef = 61CE1D96265E51BC0039E288 /* TabsViewModel.swift */; };
		61CE1D99265E53EE0039E288 /* Tab.swift in Sources */ = {isa = PBXBuildFile; fileRef = 61CE1D98265E53EE0039E288 /* Tab.swift */; };
		61F2823C265F3D44009E16C9 /* PublicNumberService.swift in Sources */ = {isa = PBXBuildFile; fileRef = 61F2823B265F3D44009E16C9 /* PublicNumberService.swift */; };
		61F2823E265F3FAD009E16C9 /* TreeService.swift in Sources */ = {isa = PBXBuildFile; fileRef = 61F2823D265F3FAD009E16C9 /* TreeService.swift */; };
		61F28245265F4A23009E16C9 /* TreeController.swift in Sources */ = {isa = PBXBuildFile; fileRef = 61F28244265F4A23009E16C9 /* TreeController.swift */; };
		61F28247265F84F8009E16C9 /* WebLoadInfo.swift in Sources */ = {isa = PBXBuildFile; fileRef = 61F28246265F84F8009E16C9 /* WebLoadInfo.swift */; };
		61F2824B265F8996009E16C9 /* WebViewController.swift in Sources */ = {isa = PBXBuildFile; fileRef = 61F28249265F8996009E16C9 /* WebViewController.swift */; };
		61F2824C265F8996009E16C9 /* WeakScriptMessageDelegate.swift in Sources */ = {isa = PBXBuildFile; fileRef = 61F2824A265F8996009E16C9 /* WeakScriptMessageDelegate.swift */; };
/* End PBXBuildFile section */

/* Begin PBXFileReference section */
		000D937226DCAC190099A749 /* open.js */ = {isa = PBXFileReference; lastKnownFileType = sourcecode.javascript; path = open.js; sourceTree = "<group>"; };
		00306C5A26F095D400BB04E1 /* RxFSPagerViewDelegateProxy.swift */ = {isa = PBXFileReference; lastKnownFileType = sourcecode.swift; path = RxFSPagerViewDelegateProxy.swift; sourceTree = "<group>"; };
		00306C5C26F0A63400BB04E1 /* FSPagerView+Rx.swift */ = {isa = PBXFileReference; lastKnownFileType = sourcecode.swift; path = "FSPagerView+Rx.swift"; sourceTree = "<group>"; };
		0038326726F5821E0071EE7E /* InfoCell.swift */ = {isa = PBXFileReference; lastKnownFileType = sourcecode.swift; path = InfoCell.swift; sourceTree = "<group>"; };
		003B6302278FBB5600EA265E /* Header.swift */ = {isa = PBXFileReference; lastKnownFileType = sourcecode.swift; path = Header.swift; sourceTree = "<group>"; };
		003B6307278FBDA900EA265E /* RxStudy-Bridging-Header.h */ = {isa = PBXFileReference; lastKnownFileType = sourcecode.c.h; path = "RxStudy-Bridging-Header.h"; sourceTree = "<group>"; };
		0041309827B3A16B0083A313 /* UITraitCollection+Extension.swift */ = {isa = PBXFileReference; lastKnownFileType = sourcecode.swift; path = "UITraitCollection+Extension.swift"; sourceTree = "<group>"; };
		0048E6CD277AAB1900F6C739 /* MyJueJinController.swift */ = {isa = PBXFileReference; lastKnownFileType = sourcecode.swift; path = MyJueJinController.swift; sourceTree = "<group>"; };
		0048E6CF277AAB6000F6C739 /* MyGitHubController.swift */ = {isa = PBXFileReference; lastKnownFileType = sourcecode.swift; path = MyGitHubController.swift; sourceTree = "<group>"; };
		0048E6D5277AB21F00F6C739 /* appStore.js */ = {isa = PBXFileReference; lastKnownFileType = sourcecode.javascript; path = appStore.js; sourceTree = "<group>"; };
		0048E6D7277AB4E100F6C739 /* WebView+Extension.swift */ = {isa = PBXFileReference; lastKnownFileType = sourcecode.swift; path = "WebView+Extension.swift"; sourceTree = "<group>"; };
		005BD7F528489494000B6885 /* ScriptMessageHandlerType.swift */ = {isa = PBXFileReference; lastKnownFileType = sourcecode.swift; path = ScriptMessageHandlerType.swift; sourceTree = "<group>"; };
		00634E8A26E9D4BD00B3350D /* Setter.swift */ = {isa = PBXFileReference; lastKnownFileType = sourcecode.swift; path = Setter.swift; sourceTree = "<group>"; };
		006C5A6326F423EF004998A9 /* RxWebViewControllerDelegateProxy.swift */ = {isa = PBXFileReference; lastKnownFileType = sourcecode.swift; path = RxWebViewControllerDelegateProxy.swift; sourceTree = "<group>"; };
		006C5A6526F4259A004998A9 /* WebViewController+Rx.swift */ = {isa = PBXFileReference; lastKnownFileType = sourcecode.swift; path = "WebViewController+Rx.swift"; sourceTree = "<group>"; };
		007ED6F426A50EB500D2EE94 /* SnapKitLayoutController.swift */ = {isa = PBXFileReference; lastKnownFileType = sourcecode.swift; path = SnapKitLayoutController.swift; sourceTree = "<group>"; };
		0082108C26E1FF3300525CE4 /* DebugLog.swift */ = {isa = PBXFileReference; lastKnownFileType = sourcecode.swift; path = DebugLog.swift; sourceTree = "<group>"; };
		0082108E26E20AC000525CE4 /* UIPanGestureRecognizer+Extension.swift */ = {isa = PBXFileReference; lastKnownFileType = sourcecode.swift; path = "UIPanGestureRecognizer+Extension.swift"; sourceTree = "<group>"; };
		008598C027B4E0DA003E9EF7 /* en */ = {isa = PBXFileReference; lastKnownFileType = text.plist.strings; name = en; path = en.lproj/InfoPlist.strings; sourceTree = "<group>"; };
		008598C227B4E0ED003E9EF7 /* zh-Hans */ = {isa = PBXFileReference; lastKnownFileType = text.plist.strings; name = "zh-Hans"; path = "zh-Hans.lproj/InfoPlist.strings"; sourceTree = "<group>"; };
		009723D126EC4B8D00A77EAC /* EditTableViewController.swift */ = {isa = PBXFileReference; lastKnownFileType = sourcecode.swift; path = EditTableViewController.swift; sourceTree = "<group>"; };
		00BD699826EF1C2E00C5C04B /* Rx+Operators.swift */ = {isa = PBXFileReference; fileEncoding = 4; lastKnownFileType = sourcecode.swift; path = "Rx+Operators.swift"; sourceTree = "<group>"; };
		00CC7FFF283B8A4400E92A6C /* Codable+Extension.swift */ = {isa = PBXFileReference; lastKnownFileType = sourcecode.swift; path = "Codable+Extension.swift"; sourceTree = "<group>"; };
		00E1904126D4C66200683BDE /* Provider.swift */ = {isa = PBXFileReference; lastKnownFileType = sourcecode.swift; path = Provider.swift; sourceTree = "<group>"; };
		5A2758E8D8ECE30F518E8840 /* Pods-RxStudy.debug.xcconfig */ = {isa = PBXFileReference; includeInIndex = 1; lastKnownFileType = text.xcconfig; name = "Pods-RxStudy.debug.xcconfig"; path = "Target Support Files/Pods-RxStudy/Pods-RxStudy.debug.xcconfig"; sourceTree = "<group>"; };
		6109341026B2749C0079A597 /* RxSwiftStudy.playground */ = {isa = PBXFileReference; lastKnownFileType = file.playground; path = RxSwiftStudy.playground; sourceTree = "<group>"; xcLanguageSpecificationIdentifier = xcode.lang.swift; };
		611471CB26B106AC00E298F5 /* UIColor+Extension.swift */ = {isa = PBXFileReference; lastKnownFileType = sourcecode.swift; path = "UIColor+Extension.swift"; sourceTree = "<group>"; };
		6114ABEE267AD6CD0082BA67 /* MyCoin.json */ = {isa = PBXFileReference; lastKnownFileType = text.json; path = MyCoin.json; sourceTree = "<group>"; };
		6114ABF0267AD8450082BA67 /* R.generated.swift */ = {isa = PBXFileReference; fileEncoding = 4; lastKnownFileType = sourcecode.swift; path = R.generated.swift; sourceTree = SOURCE_ROOT; };
		6114ABF2267AD8AB0082BA67 /* Pods-RxStudy-acknowledgements.plist */ = {isa = PBXFileReference; lastKnownFileType = text.plist; name = "Pods-RxStudy-acknowledgements.plist"; path = "Pods/Target Support Files/Pods-RxStudy/Pods-RxStudy-acknowledgements.plist"; sourceTree = SOURCE_ROOT; };
		6114ABF4267ADF6E0082BA67 /* MyView.swift */ = {isa = PBXFileReference; lastKnownFileType = sourcecode.swift; path = MyView.swift; sourceTree = "<group>"; };
		6114ABF6267AECE20082BA67 /* MyCoinController.swift */ = {isa = PBXFileReference; lastKnownFileType = sourcecode.swift; path = MyCoinController.swift; sourceTree = "<group>"; };
		6114ABF8267AED660082BA67 /* MyCollectionController.swift */ = {isa = PBXFileReference; lastKnownFileType = sourcecode.swift; path = MyCollectionController.swift; sourceTree = "<group>"; };
		611E2E012660782B001585AE /* ConstraintArray+Extensions.swift */ = {isa = PBXFileReference; fileEncoding = 4; lastKnownFileType = sourcecode.swift; path = "ConstraintArray+Extensions.swift"; sourceTree = "<group>"; };
		611E2E022660782B001585AE /* ConstraintArrayDSL.swift */ = {isa = PBXFileReference; fileEncoding = 4; lastKnownFileType = sourcecode.swift; path = ConstraintArrayDSL.swift; sourceTree = "<group>"; };
		611E2E0526607869001585AE /* HotKeyController.swift */ = {isa = PBXFileReference; lastKnownFileType = sourcecode.swift; path = HotKeyController.swift; sourceTree = "<group>"; };
		611E2E0726607929001585AE /* HotKey.swift */ = {isa = PBXFileReference; lastKnownFileType = sourcecode.swift; path = HotKey.swift; sourceTree = "<group>"; };
		611E2E092660797C001585AE /* HotKeyViewModel.swift */ = {isa = PBXFileReference; lastKnownFileType = sourcecode.swift; path = HotKeyViewModel.swift; sourceTree = "<group>"; };
		611E2E0B26608E00001585AE /* SearcResultController.swift */ = {isa = PBXFileReference; lastKnownFileType = sourcecode.swift; path = SearcResultController.swift; sourceTree = "<group>"; };
		611E2E0D266090C0001585AE /* SearchResultViewModel.swift */ = {isa = PBXFileReference; lastKnownFileType = sourcecode.swift; path = SearchResultViewModel.swift; sourceTree = "<group>"; };
		611E2E0F266096E9001585AE /* String+Extension.swift */ = {isa = PBXFileReference; lastKnownFileType = sourcecode.swift; path = "String+Extension.swift"; sourceTree = "<group>"; };
		612DBF58220022BA007F73CC /* RxStudy.app */ = {isa = PBXFileReference; explicitFileType = wrapper.application; includeInIndex = 0; path = RxStudy.app; sourceTree = BUILT_PRODUCTS_DIR; };
		612DBF5B220022BA007F73CC /* AppDelegate.swift */ = {isa = PBXFileReference; lastKnownFileType = sourcecode.swift; path = AppDelegate.swift; sourceTree = "<group>"; };
		612DBF5D220022BA007F73CC /* ViewController.swift */ = {isa = PBXFileReference; lastKnownFileType = sourcecode.swift; path = ViewController.swift; sourceTree = "<group>"; };
		612DBF60220022BA007F73CC /* Base */ = {isa = PBXFileReference; lastKnownFileType = file.storyboard; name = Base; path = Base.lproj/Main.storyboard; sourceTree = "<group>"; };
		612DBF62220022BE007F73CC /* Assets.xcassets */ = {isa = PBXFileReference; lastKnownFileType = folder.assetcatalog; path = Assets.xcassets; sourceTree = "<group>"; };
		612DBF65220022BE007F73CC /* Base */ = {isa = PBXFileReference; lastKnownFileType = file.storyboard; name = Base; path = Base.lproj/LaunchScreen.storyboard; sourceTree = "<group>"; };
		612DBF67220022BE007F73CC /* Info.plist */ = {isa = PBXFileReference; lastKnownFileType = text.plist.xml; path = Info.plist; sourceTree = "<group>"; };
		61336C6F2656415000FDEB2A /* Api.swift */ = {isa = PBXFileReference; lastKnownFileType = sourcecode.swift; path = Api.swift; sourceTree = "<group>"; };
		61336C722656433000FDEB2A /* BaseModel.swift */ = {isa = PBXFileReference; lastKnownFileType = sourcecode.swift; path = BaseModel.swift; sourceTree = "<group>"; };
		61336C742656443A00FDEB2A /* Banner.swift */ = {isa = PBXFileReference; lastKnownFileType = sourcecode.swift; path = Banner.swift; sourceTree = "<group>"; };
		61336C77265644DC00FDEB2A /* HomeService.swift */ = {isa = PBXFileReference; lastKnownFileType = sourcecode.swift; path = HomeService.swift; sourceTree = "<group>"; };
		61336C7A2656494900FDEB2A /* Int+Extension.swift */ = {isa = PBXFileReference; lastKnownFileType = sourcecode.swift; path = "Int+Extension.swift"; sourceTree = "<group>"; };
		61336C7C2656499100FDEB2A /* Dictionary+Extension.swift */ = {isa = PBXFileReference; lastKnownFileType = sourcecode.swift; path = "Dictionary+Extension.swift"; sourceTree = "<group>"; };
		61336C7E2656642700FDEB2A /* Page.swift */ = {isa = PBXFileReference; lastKnownFileType = sourcecode.swift; path = Page.swift; sourceTree = "<group>"; };
		61336C802656667900FDEB2A /* Info.swift */ = {isa = PBXFileReference; lastKnownFileType = sourcecode.swift; path = Info.swift; sourceTree = "<group>"; };
		61336C8226574C4D00FDEB2A /* MyService.swift */ = {isa = PBXFileReference; lastKnownFileType = sourcecode.swift; path = MyService.swift; sourceTree = "<group>"; };
		61336C8426574E0500FDEB2A /* CoinRank.swift */ = {isa = PBXFileReference; lastKnownFileType = sourcecode.swift; path = CoinRank.swift; sourceTree = "<group>"; };
		61336C872657537100FDEB2A /* CoinRankListController.swift */ = {isa = PBXFileReference; lastKnownFileType = sourcecode.swift; path = CoinRankListController.swift; sourceTree = "<group>"; };
		61336C8A2657581100FDEB2A /* BaseViewController.swift */ = {isa = PBXFileReference; lastKnownFileType = sourcecode.swift; path = BaseViewController.swift; sourceTree = "<group>"; };
		6164F0FE268F052F00CD43DF /* MyBaseWebViewController.swift */ = {isa = PBXFileReference; lastKnownFileType = sourcecode.swift; path = MyBaseWebViewController.swift; sourceTree = "<group>"; };
		616EC96D269E8154008FAFDF /* SVProgressHUD+Extension.swift */ = {isa = PBXFileReference; lastKnownFileType = sourcecode.swift; path = "SVProgressHUD+Extension.swift"; sourceTree = "<group>"; };
		616EC96F269E822E008FAFDF /* HUD.swift */ = {isa = PBXFileReference; lastKnownFileType = sourcecode.swift; path = HUD.swift; sourceTree = "<group>"; };
		617082672205895D00891B79 /* MapKit.framework */ = {isa = PBXFileReference; lastKnownFileType = wrapper.framework; name = MapKit.framework; path = System/Library/Frameworks/MapKit.framework; sourceTree = SDKROOT; };
		61716A9E267B3A4A00F9DC25 /* SwiftCoinRankListController.swift */ = {isa = PBXFileReference; lastKnownFileType = sourcecode.swift; path = SwiftCoinRankListController.swift; sourceTree = "<group>"; };
		61716AA0267B3EEA00F9DC25 /* RxSwiftCoinRankListController.swift */ = {isa = PBXFileReference; lastKnownFileType = sourcecode.swift; path = RxSwiftCoinRankListController.swift; sourceTree = "<group>"; };
		6171E18B2664B08C0065C34D /* BaseTableViewController.swift */ = {isa = PBXFileReference; lastKnownFileType = sourcecode.swift; path = BaseTableViewController.swift; sourceTree = "<group>"; };
		6171E18E2665D4180065C34D /* MyController.swift */ = {isa = PBXFileReference; lastKnownFileType = sourcecode.swift; path = MyController.swift; sourceTree = "<group>"; };
		6171E1902665D7640065C34D /* LoginController.swift */ = {isa = PBXFileReference; lastKnownFileType = sourcecode.swift; path = LoginController.swift; sourceTree = "<group>"; };
		6171E1972665FE570065C34D /* Constant.swift */ = {isa = PBXFileReference; lastKnownFileType = sourcecode.swift; path = Constant.swift; sourceTree = "<group>"; };
		6171E19A266611650065C34D /* AccountService.swift */ = {isa = PBXFileReference; lastKnownFileType = sourcecode.swift; path = AccountService.swift; sourceTree = "<group>"; };
		6171E19C266615850065C34D /* AccountInfo.swift */ = {isa = PBXFileReference; lastKnownFileType = sourcecode.swift; path = AccountInfo.swift; sourceTree = "<group>"; };
		6171E19E26661AA90065C34D /* AccountBaseController.swift */ = {isa = PBXFileReference; lastKnownFileType = sourcecode.swift; path = AccountBaseController.swift; sourceTree = "<group>"; };
		6171E1A026661EC60065C34D /* RegisterController.swift */ = {isa = PBXFileReference; lastKnownFileType = sourcecode.swift; path = RegisterController.swift; sourceTree = "<group>"; };
		6171E1A2266623D10065C34D /* AccountManager.swift */ = {isa = PBXFileReference; lastKnownFileType = sourcecode.swift; path = AccountManager.swift; sourceTree = "<group>"; };
		617AAA38265CAD820029A83F /* Moya+Plugin.swift */ = {isa = PBXFileReference; lastKnownFileType = sourcecode.swift; path = "Moya+Plugin.swift"; sourceTree = "<group>"; };
		617AAA3A265CC7BF0029A83F /* BaseViewModel.swift */ = {isa = PBXFileReference; lastKnownFileType = sourcecode.swift; path = BaseViewModel.swift; sourceTree = "<group>"; };
		617E44F2269574CF00DA9EA2 /* ViewState.swift */ = {isa = PBXFileReference; lastKnownFileType = sourcecode.swift; path = ViewState.swift; sourceTree = "<group>"; };
		6186948B267C4DBB0086F051 /* MJRefresh+RxSwift.swift */ = {isa = PBXFileReference; fileEncoding = 4; lastKnownFileType = sourcecode.swift; path = "MJRefresh+RxSwift.swift"; sourceTree = "<group>"; };
		6186948C267C4DBB0086F051 /* UIScrollView+RxSwift.swift */ = {isa = PBXFileReference; fileEncoding = 4; lastKnownFileType = sourcecode.swift; path = "UIScrollView+RxSwift.swift"; sourceTree = "<group>"; };
		6194601026B12D2200A66F77 /* README.md */ = {isa = PBXFileReference; fileEncoding = 4; lastKnownFileType = net.daringfireball.markdown; path = README.md; sourceTree = SOURCE_ROOT; };
		6199033F265F2DBB002C8A1A /* SingleTabListController.swift */ = {isa = PBXFileReference; lastKnownFileType = sourcecode.swift; path = SingleTabListController.swift; sourceTree = "<group>"; };
		61990341265F2F07002C8A1A /* SingleTabListViewModel.swift */ = {isa = PBXFileReference; lastKnownFileType = sourcecode.swift; path = SingleTabListViewModel.swift; sourceTree = "<group>"; };
		619BA35B26895DDF007C7135 /* BaseNavigationController.swift */ = {isa = PBXFileReference; lastKnownFileType = sourcecode.swift; path = BaseNavigationController.swift; sourceTree = "<group>"; };
		619EDB342660BA920056A3D9 /* MBProgressHUD+Extension.swift */ = {isa = PBXFileReference; lastKnownFileType = sourcecode.swift; path = "MBProgressHUD+Extension.swift"; sourceTree = "<group>"; };
		619EDB362660BF820056A3D9 /* InfoViewCell.swift */ = {isa = PBXFileReference; lastKnownFileType = sourcecode.swift; path = InfoViewCell.swift; sourceTree = "<group>"; };
		61A6ED09265C963900E3CA9D /* ViewModelProtocol.swift */ = {isa = PBXFileReference; lastKnownFileType = sourcecode.swift; path = ViewModelProtocol.swift; sourceTree = "<group>"; };
		61A6ED0F265C9D2A00E3CA9D /* HomeController.swift */ = {isa = PBXFileReference; lastKnownFileType = sourcecode.swift; path = HomeController.swift; sourceTree = "<group>"; };
		61A6ED11265C9D6800E3CA9D /* HomeViewModel.swift */ = {isa = PBXFileReference; lastKnownFileType = sourcecode.swift; path = HomeViewModel.swift; sourceTree = "<group>"; };
		61B13D5F26808DC100665A08 /* ThirdPartyController.swift */ = {isa = PBXFileReference; lastKnownFileType = sourcecode.swift; path = ThirdPartyController.swift; sourceTree = "<group>"; };
		61B13D612680915400665A08 /* ThirdPartyDetailController.swift */ = {isa = PBXFileReference; lastKnownFileType = sourcecode.swift; path = ThirdPartyDetailController.swift; sourceTree = "<group>"; };
		61B44A4026B79CA500791859 /* Transform.swift */ = {isa = PBXFileReference; lastKnownFileType = sourcecode.swift; path = Transform.swift; sourceTree = "<group>"; };
		61B538FF2678863A00EEFE1F /* My.swift */ = {isa = PBXFileReference; lastKnownFileType = sourcecode.swift; path = My.swift; sourceTree = "<group>"; };
		61B5390126789F4D00EEFE1F /* MyHistoryCoin.swift */ = {isa = PBXFileReference; lastKnownFileType = sourcecode.swift; path = MyHistoryCoin.swift; sourceTree = "<group>"; };
		61B7994F268190F40025EADE /* MyCoinViewModel.swift */ = {isa = PBXFileReference; lastKnownFileType = sourcecode.swift; path = MyCoinViewModel.swift; sourceTree = "<group>"; };
		61B79951268193D00025EADE /* MyCollectionViewModel.swift */ = {isa = PBXFileReference; lastKnownFileType = sourcecode.swift; path = MyCollectionViewModel.swift; sourceTree = "<group>"; };
		61B799532681B5760025EADE /* WebViewModel.swift */ = {isa = PBXFileReference; lastKnownFileType = sourcecode.swift; path = WebViewModel.swift; sourceTree = "<group>"; };
		61BB7C452679C4F800990636 /* MyViewModel.swift */ = {isa = PBXFileReference; lastKnownFileType = sourcecode.swift; path = MyViewModel.swift; sourceTree = "<group>"; };
		61BB7C48267A057700990636 /* Logout.json */ = {isa = PBXFileReference; fileEncoding = 4; lastKnownFileType = text.json; path = Logout.json; sourceTree = "<group>"; };
		61BB7C49267A057700990636 /* LoginAndRegister.json */ = {isa = PBXFileReference; fileEncoding = 4; lastKnownFileType = text.json; path = LoginAndRegister.json; sourceTree = "<group>"; };
		61BB7C4A267A057700990636 /* ArticleNormalList.json */ = {isa = PBXFileReference; fileEncoding = 4; lastKnownFileType = text.json; path = ArticleNormalList.json; sourceTree = "<group>"; };
		61BB7C4B267A057700990636 /* MyCollectList.json */ = {isa = PBXFileReference; fileEncoding = 4; lastKnownFileType = text.json; path = MyCollectList.json; sourceTree = "<group>"; };
		61BB7C4C267A057700990636 /* RankList.json */ = {isa = PBXFileReference; fileEncoding = 4; lastKnownFileType = text.json; path = RankList.json; sourceTree = "<group>"; };
		61BB7C4D267A057700990636 /* AMapLocation.json */ = {isa = PBXFileReference; fileEncoding = 4; lastKnownFileType = text.json; path = AMapLocation.json; sourceTree = "<group>"; };
		61BB7C4E267A057700990636 /* Banner.json */ = {isa = PBXFileReference; fileEncoding = 4; lastKnownFileType = text.json; path = Banner.json; sourceTree = "<group>"; };
		61BB7C4F267A057700990636 /* CollectArticleAction.json */ = {isa = PBXFileReference; fileEncoding = 4; lastKnownFileType = text.json; path = CollectArticleAction.json; sourceTree = "<group>"; };
		61BB7C50267A057700990636 /* PublicNumber.json */ = {isa = PBXFileReference; fileEncoding = 4; lastKnownFileType = text.json; path = PublicNumber.json; sourceTree = "<group>"; };
		61BB7C51267A057700990636 /* ArticleTopList.json */ = {isa = PBXFileReference; fileEncoding = 4; lastKnownFileType = text.json; path = ArticleTopList.json; sourceTree = "<group>"; };
		61BB7C52267A057700990636 /* PublicNumberList.json */ = {isa = PBXFileReference; fileEncoding = 4; lastKnownFileType = text.json; path = PublicNumberList.json; sourceTree = "<group>"; };
		61BB7C53267A057700990636 /* SearchResult.json */ = {isa = PBXFileReference; fileEncoding = 4; lastKnownFileType = text.json; path = SearchResult.json; sourceTree = "<group>"; };
		61BB7C54267A057700990636 /* ProjectClassify.json */ = {isa = PBXFileReference; fileEncoding = 4; lastKnownFileType = text.json; path = ProjectClassify.json; sourceTree = "<group>"; };
		61BB7C55267A057700990636 /* MyCoinList.json */ = {isa = PBXFileReference; fileEncoding = 4; lastKnownFileType = text.json; path = MyCoinList.json; sourceTree = "<group>"; };
		61BB7C56267A057700990636 /* HotKey.json */ = {isa = PBXFileReference; fileEncoding = 4; lastKnownFileType = text.json; path = HotKey.json; sourceTree = "<group>"; };
		61BB7C57267A057700990636 /* ProjectClassifyList.json */ = {isa = PBXFileReference; fileEncoding = 4; lastKnownFileType = text.json; path = ProjectClassifyList.json; sourceTree = "<group>"; };
		61BB7C58267A057700990636 /* Tree.json */ = {isa = PBXFileReference; fileEncoding = 4; lastKnownFileType = text.json; path = Tree.json; sourceTree = "<group>"; };
		61BF833C265B41E50063EE4E /* NSObject+Extension.swift */ = {isa = PBXFileReference; lastKnownFileType = sourcecode.swift; path = "NSObject+Extension.swift"; sourceTree = "<group>"; };
		61BF833F265B8CCA0063EE4E /* CoinRankViewModel.swift */ = {isa = PBXFileReference; lastKnownFileType = sourcecode.swift; path = CoinRankViewModel.swift; sourceTree = "<group>"; };
		61C9792E265E282C00E7A1BC /* ProjectService.swift */ = {isa = PBXFileReference; lastKnownFileType = sourcecode.swift; path = ProjectService.swift; sourceTree = "<group>"; };
		61C97935265E2AB400E7A1BC /* TagType.swift */ = {isa = PBXFileReference; lastKnownFileType = sourcecode.swift; path = TagType.swift; sourceTree = "<group>"; };
		61C97937265E2B0400E7A1BC /* TabsController.swift */ = {isa = PBXFileReference; lastKnownFileType = sourcecode.swift; path = TabsController.swift; sourceTree = "<group>"; };
		61CE1D96265E51BC0039E288 /* TabsViewModel.swift */ = {isa = PBXFileReference; lastKnownFileType = sourcecode.swift; path = TabsViewModel.swift; sourceTree = "<group>"; };
		61CE1D98265E53EE0039E288 /* Tab.swift */ = {isa = PBXFileReference; lastKnownFileType = sourcecode.swift; path = Tab.swift; sourceTree = "<group>"; };
		61F2823B265F3D44009E16C9 /* PublicNumberService.swift */ = {isa = PBXFileReference; lastKnownFileType = sourcecode.swift; path = PublicNumberService.swift; sourceTree = "<group>"; };
		61F2823D265F3FAD009E16C9 /* TreeService.swift */ = {isa = PBXFileReference; lastKnownFileType = sourcecode.swift; path = TreeService.swift; sourceTree = "<group>"; };
		61F28244265F4A23009E16C9 /* TreeController.swift */ = {isa = PBXFileReference; lastKnownFileType = sourcecode.swift; path = TreeController.swift; sourceTree = "<group>"; };
		61F28246265F84F8009E16C9 /* WebLoadInfo.swift */ = {isa = PBXFileReference; lastKnownFileType = sourcecode.swift; path = WebLoadInfo.swift; sourceTree = "<group>"; };
		61F28249265F8996009E16C9 /* WebViewController.swift */ = {isa = PBXFileReference; fileEncoding = 4; lastKnownFileType = sourcecode.swift; path = WebViewController.swift; sourceTree = "<group>"; };
		61F2824A265F8996009E16C9 /* WeakScriptMessageDelegate.swift */ = {isa = PBXFileReference; fileEncoding = 4; lastKnownFileType = sourcecode.swift; path = WeakScriptMessageDelegate.swift; sourceTree = "<group>"; };
		79B2FFE2773896A31397900C /* Pods-RxStudy.release.xcconfig */ = {isa = PBXFileReference; includeInIndex = 1; lastKnownFileType = text.xcconfig; name = "Pods-RxStudy.release.xcconfig"; path = "Target Support Files/Pods-RxStudy/Pods-RxStudy.release.xcconfig"; sourceTree = "<group>"; };
		D76530C2026EEA5366404510 /* Pods_RxStudy.framework */ = {isa = PBXFileReference; explicitFileType = wrapper.framework; includeInIndex = 0; path = Pods_RxStudy.framework; sourceTree = BUILT_PRODUCTS_DIR; };
/* End PBXFileReference section */

/* Begin PBXFrameworksBuildPhase section */
		612DBF55220022BA007F73CC /* Frameworks */ = {
			isa = PBXFrameworksBuildPhase;
			buildActionMask = 2147483647;
			files = (
				55EA58A30501AC412E0C2561 /* Pods_RxStudy.framework in Frameworks */,
			);
			runOnlyForDeploymentPostprocessing = 0;
		};
/* End PBXFrameworksBuildPhase section */

/* Begin PBXGroup section */
		00306C5926F0956D00BB04E1 /* FSPagerView+RxSwift */ = {
			isa = PBXGroup;
			children = (
				00306C5A26F095D400BB04E1 /* RxFSPagerViewDelegateProxy.swift */,
				00306C5C26F0A63400BB04E1 /* FSPagerView+Rx.swift */,
			);
			path = "FSPagerView+RxSwift";
			sourceTree = "<group>";
		};
		0048E6D1277AAD9700F6C739 /* JavaScript */ = {
			isa = PBXGroup;
			children = (
				000D937226DCAC190099A749 /* open.js */,
				0048E6D5277AB21F00F6C739 /* appStore.js */,
			);
			path = JavaScript;
			sourceTree = "<group>";
		};
		0048E6D9277AE41200F6C739 /* View */ = {
			isa = PBXGroup;
			children = (
			);
			path = View;
			sourceTree = "<group>";
		};
		0048E6DA277AE41C00F6C739 /* ViewModel */ = {
			isa = PBXGroup;
			children = (
				61B799532681B5760025EADE /* WebViewModel.swift */,
			);
			path = ViewModel;
			sourceTree = "<group>";
		};
		0048E6DB277AE42200F6C739 /* Controller */ = {
			isa = PBXGroup;
			children = (
				61F2824A265F8996009E16C9 /* WeakScriptMessageDelegate.swift */,
				61F28249265F8996009E16C9 /* WebViewController.swift */,
			);
			path = Controller;
			sourceTree = "<group>";
		};
		0048E6DC277AE94400F6C739 /* RxDelegateTest */ = {
			isa = PBXGroup;
			children = (
				006C5A6326F423EF004998A9 /* RxWebViewControllerDelegateProxy.swift */,
				006C5A6526F4259A004998A9 /* WebViewController+Rx.swift */,
			);
			path = RxDelegateTest;
			sourceTree = "<group>";
		};
		005BD7F428489488000B6885 /* Enum */ = {
			isa = PBXGroup;
			children = (
				005BD7F528489494000B6885 /* ScriptMessageHandlerType.swift */,
			);
			path = Enum;
			sourceTree = "<group>";
		};
		611E2E002660782B001585AE /* SnapKitExtension */ = {
			isa = PBXGroup;
			children = (
				611E2E012660782B001585AE /* ConstraintArray+Extensions.swift */,
				611E2E022660782B001585AE /* ConstraintArrayDSL.swift */,
			);
			path = SnapKitExtension;
			sourceTree = "<group>";
		};
		612DBF4F220022BA007F73CC = {
			isa = PBXGroup;
			children = (
				612DBF5A220022BA007F73CC /* RxStudy */,
				612DBF59220022BA007F73CC /* Products */,
				DD08CC79109026D5F86C0656 /* Pods */,
				D9D210AFC05CCD440E64E647 /* Frameworks */,
			);
			sourceTree = "<group>";
		};
		612DBF59220022BA007F73CC /* Products */ = {
			isa = PBXGroup;
			children = (
				612DBF58220022BA007F73CC /* RxStudy.app */,
			);
			name = Products;
			sourceTree = "<group>";
		};
		612DBF5A220022BA007F73CC /* RxStudy */ = {
			isa = PBXGroup;
			children = (
				61B44A3C26B79A7500791859 /* Transform */,
				617E44F1269574B800DA9EA2 /* ViewState */,
				61716A9D267B396C00F9DC25 /* ExampleController */,
				6171E1962665FE2D0065C34D /* Constant */,
				61BF8341265C8F190063EE4E /* ViewModel+Plus */,
				61336C89265757F500FDEB2A /* Base */,
				619EDB332660BA160056A3D9 /* Account */,
				61A6ED0B265C9BEC00E3CA9D /* Home */,
				61C97930265E2A4300E7A1BC /* Tabs */,
				61336C86265752FB00FDEB2A /* My */,
				61F28248265F895E009E16C9 /* WebView */,
				61336C792656493700FDEB2A /* Extension */,
				61336C6D265640D100FDEB2A /* HttpRequest */,
				61BB7C47267A057700990636 /* JSONS */,
				0048E6D1277AAD9700F6C739 /* JavaScript */,
				612DBF5B220022BA007F73CC /* AppDelegate.swift */,
				612DBF5D220022BA007F73CC /* ViewController.swift */,
				003B6302278FBB5600EA265E /* Header.swift */,
				003B6307278FBDA900EA265E /* RxStudy-Bridging-Header.h */,
				6114ABF0267AD8450082BA67 /* R.generated.swift */,
				612DBF5F220022BA007F73CC /* Main.storyboard */,
				612DBF64220022BE007F73CC /* LaunchScreen.storyboard */,
				612DBF67220022BE007F73CC /* Info.plist */,
				008598C127B4E0DA003E9EF7 /* InfoPlist.strings */,
				6194601026B12D2200A66F77 /* README.md */,
				6114ABF2267AD8AB0082BA67 /* Pods-RxStudy-acknowledgements.plist */,
				612DBF62220022BE007F73CC /* Assets.xcassets */,
			);
			path = RxStudy;
			sourceTree = "<group>";
		};
		61336C6D265640D100FDEB2A /* HttpRequest */ = {
			isa = PBXGroup;
			children = (
				619EDB322660B9C70056A3D9 /* Api */,
				61336C762656448600FDEB2A /* Service */,
				61336C712656431C00FDEB2A /* Model */,
			);
			path = HttpRequest;
			sourceTree = "<group>";
		};
		61336C712656431C00FDEB2A /* Model */ = {
			isa = PBXGroup;
			children = (
				61336C722656433000FDEB2A /* BaseModel.swift */,
				61336C7E2656642700FDEB2A /* Page.swift */,
				61F28246265F84F8009E16C9 /* WebLoadInfo.swift */,
				61336C742656443A00FDEB2A /* Banner.swift */,
				61336C802656667900FDEB2A /* Info.swift */,
				61336C8426574E0500FDEB2A /* CoinRank.swift */,
				61CE1D98265E53EE0039E288 /* Tab.swift */,
				611E2E0726607929001585AE /* HotKey.swift */,
				6171E19C266615850065C34D /* AccountInfo.swift */,
				61B5390126789F4D00EEFE1F /* MyHistoryCoin.swift */,
			);
			path = Model;
			sourceTree = "<group>";
		};
		61336C762656448600FDEB2A /* Service */ = {
			isa = PBXGroup;
			children = (
				00E1904126D4C66200683BDE /* Provider.swift */,
				61336C77265644DC00FDEB2A /* HomeService.swift */,
				61336C8226574C4D00FDEB2A /* MyService.swift */,
				61C9792E265E282C00E7A1BC /* ProjectService.swift */,
				61F2823B265F3D44009E16C9 /* PublicNumberService.swift */,
				61F2823D265F3FAD009E16C9 /* TreeService.swift */,
				6171E19A266611650065C34D /* AccountService.swift */,
			);
			path = Service;
			sourceTree = "<group>";
		};
		61336C792656493700FDEB2A /* Extension */ = {
			isa = PBXGroup;
			children = (
				00306C5926F0956D00BB04E1 /* FSPagerView+RxSwift */,
				6186948A267C4DBB0086F051 /* MJRefresh+RxSwift */,
				611E2E002660782B001585AE /* SnapKitExtension */,
				61336C7A2656494900FDEB2A /* Int+Extension.swift */,
				61BF833C265B41E50063EE4E /* NSObject+Extension.swift */,
				61336C7C2656499100FDEB2A /* Dictionary+Extension.swift */,
				617AAA38265CAD820029A83F /* Moya+Plugin.swift */,
				611E2E0F266096E9001585AE /* String+Extension.swift */,
				611471CB26B106AC00E298F5 /* UIColor+Extension.swift */,
				0041309827B3A16B0083A313 /* UITraitCollection+Extension.swift */,
				616EC96F269E822E008FAFDF /* HUD.swift */,
				619EDB342660BA920056A3D9 /* MBProgressHUD+Extension.swift */,
				616EC96D269E8154008FAFDF /* SVProgressHUD+Extension.swift */,
				0082108E26E20AC000525CE4 /* UIPanGestureRecognizer+Extension.swift */,
				0048E6D7277AB4E100F6C739 /* WebView+Extension.swift */,
				00BD699826EF1C2E00C5C04B /* Rx+Operators.swift */,
				00CC7FFF283B8A4400E92A6C /* Codable+Extension.swift */,
			);
			path = Extension;
			sourceTree = "<group>";
		};
		61336C86265752FB00FDEB2A /* My */ = {
			isa = PBXGroup;
			children = (
				61B538FE2678862300EEFE1F /* Enum */,
				61336C932657AD1600FDEB2A /* View */,
				61336C922657AD0E00FDEB2A /* ViewModel */,
				61BF833E265B421B0063EE4E /* Controller */,
			);
			path = My;
			sourceTree = "<group>";
		};
		61336C89265757F500FDEB2A /* Base */ = {
			isa = PBXGroup;
			children = (
				61336C8A2657581100FDEB2A /* BaseViewController.swift */,
				619BA35B26895DDF007C7135 /* BaseNavigationController.swift */,
				6171E18B2664B08C0065C34D /* BaseTableViewController.swift */,
				617AAA3A265CC7BF0029A83F /* BaseViewModel.swift */,
				00634E8A26E9D4BD00B3350D /* Setter.swift */,
			);
			path = Base;
			sourceTree = "<group>";
		};
		61336C922657AD0E00FDEB2A /* ViewModel */ = {
			isa = PBXGroup;
			children = (
				61BF833F265B8CCA0063EE4E /* CoinRankViewModel.swift */,
				61BB7C452679C4F800990636 /* MyViewModel.swift */,
				61B7994F268190F40025EADE /* MyCoinViewModel.swift */,
				61B79951268193D00025EADE /* MyCollectionViewModel.swift */,
			);
			path = ViewModel;
			sourceTree = "<group>";
		};
		61336C932657AD1600FDEB2A /* View */ = {
			isa = PBXGroup;
			children = (
				6114ABF4267ADF6E0082BA67 /* MyView.swift */,
			);
			path = View;
			sourceTree = "<group>";
		};
		61716A9D267B396C00F9DC25 /* ExampleController */ = {
			isa = PBXGroup;
			children = (
				61716A9E267B3A4A00F9DC25 /* SwiftCoinRankListController.swift */,
				61716AA0267B3EEA00F9DC25 /* RxSwiftCoinRankListController.swift */,
				007ED6F426A50EB500D2EE94 /* SnapKitLayoutController.swift */,
				009723D126EC4B8D00A77EAC /* EditTableViewController.swift */,
				6109341026B2749C0079A597 /* RxSwiftStudy.playground */,
			);
			path = ExampleController;
			sourceTree = "<group>";
		};
		6171E1922665DD680065C34D /* Controller */ = {
			isa = PBXGroup;
			children = (
				6171E19E26661AA90065C34D /* AccountBaseController.swift */,
				6171E1902665D7640065C34D /* LoginController.swift */,
				6171E1A026661EC60065C34D /* RegisterController.swift */,
			);
			path = Controller;
			sourceTree = "<group>";
		};
		6171E1932665DD720065C34D /* ViewModel */ = {
			isa = PBXGroup;
			children = (
			);
			path = ViewModel;
			sourceTree = "<group>";
		};
		6171E1942665DD770065C34D /* View */ = {
			isa = PBXGroup;
			children = (
			);
			path = View;
			sourceTree = "<group>";
		};
		6171E1952665DD7D0065C34D /* Manager */ = {
			isa = PBXGroup;
			children = (
				6171E1A2266623D10065C34D /* AccountManager.swift */,
			);
			path = Manager;
			sourceTree = "<group>";
		};
		6171E1962665FE2D0065C34D /* Constant */ = {
			isa = PBXGroup;
			children = (
				6171E1972665FE570065C34D /* Constant.swift */,
				0082108C26E1FF3300525CE4 /* DebugLog.swift */,
			);
			path = Constant;
			sourceTree = "<group>";
		};
		617E44F1269574B800DA9EA2 /* ViewState */ = {
			isa = PBXGroup;
			children = (
				617E44F2269574CF00DA9EA2 /* ViewState.swift */,
			);
			path = ViewState;
			sourceTree = "<group>";
		};
		6186948A267C4DBB0086F051 /* MJRefresh+RxSwift */ = {
			isa = PBXGroup;
			children = (
				6186948B267C4DBB0086F051 /* MJRefresh+RxSwift.swift */,
				6186948C267C4DBB0086F051 /* UIScrollView+RxSwift.swift */,
			);
			path = "MJRefresh+RxSwift";
			sourceTree = "<group>";
		};
		619EDB322660B9C70056A3D9 /* Api */ = {
			isa = PBXGroup;
			children = (
				61336C6F2656415000FDEB2A /* Api.swift */,
			);
			path = Api;
			sourceTree = "<group>";
		};
		619EDB332660BA160056A3D9 /* Account */ = {
			isa = PBXGroup;
			children = (
				6171E1952665DD7D0065C34D /* Manager */,
				6171E1942665DD770065C34D /* View */,
				6171E1932665DD720065C34D /* ViewModel */,
				6171E1922665DD680065C34D /* Controller */,
			);
			path = Account;
			sourceTree = "<group>";
		};
		61A6ED0B265C9BEC00E3CA9D /* Home */ = {
			isa = PBXGroup;
			children = (
				61A6ED0E265C9C2200E3CA9D /* View */,
				61A6ED0D265C9C1C00E3CA9D /* ViewModel */,
				61A6ED0C265C9C1200E3CA9D /* Controller */,
			);
			path = Home;
			sourceTree = "<group>";
		};
		61A6ED0C265C9C1200E3CA9D /* Controller */ = {
			isa = PBXGroup;
			children = (
				61A6ED0F265C9D2A00E3CA9D /* HomeController.swift */,
				611E2E0526607869001585AE /* HotKeyController.swift */,
				611E2E0B26608E00001585AE /* SearcResultController.swift */,
			);
			path = Controller;
			sourceTree = "<group>";
		};
		61A6ED0D265C9C1C00E3CA9D /* ViewModel */ = {
			isa = PBXGroup;
			children = (
				61A6ED11265C9D6800E3CA9D /* HomeViewModel.swift */,
				611E2E092660797C001585AE /* HotKeyViewModel.swift */,
				611E2E0D266090C0001585AE /* SearchResultViewModel.swift */,
			);
			path = ViewModel;
			sourceTree = "<group>";
		};
		61A6ED0E265C9C2200E3CA9D /* View */ = {
			isa = PBXGroup;
			children = (
				619EDB362660BF820056A3D9 /* InfoViewCell.swift */,
				0038326726F5821E0071EE7E /* InfoCell.swift */,
			);
			path = View;
			sourceTree = "<group>";
		};
		61B44A3C26B79A7500791859 /* Transform */ = {
			isa = PBXGroup;
			children = (
				61B44A4026B79CA500791859 /* Transform.swift */,
			);
			path = Transform;
			sourceTree = "<group>";
		};
		61B538FE2678862300EEFE1F /* Enum */ = {
			isa = PBXGroup;
			children = (
				61B538FF2678863A00EEFE1F /* My.swift */,
			);
			path = Enum;
			sourceTree = "<group>";
		};
		61BB7C47267A057700990636 /* JSONS */ = {
			isa = PBXGroup;
			children = (
				61BB7C48267A057700990636 /* Logout.json */,
				61BB7C49267A057700990636 /* LoginAndRegister.json */,
				61BB7C4A267A057700990636 /* ArticleNormalList.json */,
				61BB7C4B267A057700990636 /* MyCollectList.json */,
				61BB7C4C267A057700990636 /* RankList.json */,
				61BB7C4D267A057700990636 /* AMapLocation.json */,
				61BB7C4E267A057700990636 /* Banner.json */,
				61BB7C4F267A057700990636 /* CollectArticleAction.json */,
				61BB7C50267A057700990636 /* PublicNumber.json */,
				61BB7C51267A057700990636 /* ArticleTopList.json */,
				61BB7C52267A057700990636 /* PublicNumberList.json */,
				61BB7C53267A057700990636 /* SearchResult.json */,
				61BB7C54267A057700990636 /* ProjectClassify.json */,
				61BB7C55267A057700990636 /* MyCoinList.json */,
				6114ABEE267AD6CD0082BA67 /* MyCoin.json */,
				61BB7C56267A057700990636 /* HotKey.json */,
				61BB7C57267A057700990636 /* ProjectClassifyList.json */,
				61BB7C58267A057700990636 /* Tree.json */,
			);
			path = JSONS;
			sourceTree = SOURCE_ROOT;
		};
		61BF833E265B421B0063EE4E /* Controller */ = {
			isa = PBXGroup;
			children = (
				6171E18E2665D4180065C34D /* MyController.swift */,
				61336C872657537100FDEB2A /* CoinRankListController.swift */,
				6114ABF6267AECE20082BA67 /* MyCoinController.swift */,
				6114ABF8267AED660082BA67 /* MyCollectionController.swift */,
				61B13D5F26808DC100665A08 /* ThirdPartyController.swift */,
				61B13D612680915400665A08 /* ThirdPartyDetailController.swift */,
				6164F0FE268F052F00CD43DF /* MyBaseWebViewController.swift */,
				0048E6CD277AAB1900F6C739 /* MyJueJinController.swift */,
				0048E6CF277AAB6000F6C739 /* MyGitHubController.swift */,
			);
			path = Controller;
			sourceTree = "<group>";
		};
		61BF8341265C8F190063EE4E /* ViewModel+Plus */ = {
			isa = PBXGroup;
			children = (
				61A6ED09265C963900E3CA9D /* ViewModelProtocol.swift */,
			);
			path = "ViewModel+Plus";
			sourceTree = "<group>";
		};
		61C97930265E2A4300E7A1BC /* Tabs */ = {
			isa = PBXGroup;
			children = (
				61C97934265E2A6C00E7A1BC /* Enum */,
				61C97933265E2A6000E7A1BC /* View */,
				61C97932265E2A5700E7A1BC /* ViewModel */,
				61C97931265E2A5000E7A1BC /* Controller */,
			);
			path = Tabs;
			sourceTree = "<group>";
		};
		61C97931265E2A5000E7A1BC /* Controller */ = {
			isa = PBXGroup;
			children = (
				61C97937265E2B0400E7A1BC /* TabsController.swift */,
				61F28244265F4A23009E16C9 /* TreeController.swift */,
				6199033F265F2DBB002C8A1A /* SingleTabListController.swift */,
			);
			path = Controller;
			sourceTree = "<group>";
		};
		61C97932265E2A5700E7A1BC /* ViewModel */ = {
			isa = PBXGroup;
			children = (
				61CE1D96265E51BC0039E288 /* TabsViewModel.swift */,
				61990341265F2F07002C8A1A /* SingleTabListViewModel.swift */,
			);
			path = ViewModel;
			sourceTree = "<group>";
		};
		61C97933265E2A6000E7A1BC /* View */ = {
			isa = PBXGroup;
			children = (
			);
			path = View;
			sourceTree = "<group>";
		};
		61C97934265E2A6C00E7A1BC /* Enum */ = {
			isa = PBXGroup;
			children = (
				61C97935265E2AB400E7A1BC /* TagType.swift */,
			);
			path = Enum;
			sourceTree = "<group>";
		};
		61F28248265F895E009E16C9 /* WebView */ = {
			isa = PBXGroup;
			children = (
				005BD7F428489488000B6885 /* Enum */,
				0048E6D9277AE41200F6C739 /* View */,
				0048E6DA277AE41C00F6C739 /* ViewModel */,
				0048E6DB277AE42200F6C739 /* Controller */,
				0048E6DC277AE94400F6C739 /* RxDelegateTest */,
			);
			path = WebView;
			sourceTree = "<group>";
		};
		D9D210AFC05CCD440E64E647 /* Frameworks */ = {
			isa = PBXGroup;
			children = (
				617082672205895D00891B79 /* MapKit.framework */,
				D76530C2026EEA5366404510 /* Pods_RxStudy.framework */,
			);
			name = Frameworks;
			sourceTree = "<group>";
		};
		DD08CC79109026D5F86C0656 /* Pods */ = {
			isa = PBXGroup;
			children = (
				5A2758E8D8ECE30F518E8840 /* Pods-RxStudy.debug.xcconfig */,
				79B2FFE2773896A31397900C /* Pods-RxStudy.release.xcconfig */,
			);
			path = Pods;
			sourceTree = "<group>";
		};
/* End PBXGroup section */

/* Begin PBXNativeTarget section */
		612DBF57220022BA007F73CC /* RxStudy */ = {
			isa = PBXNativeTarget;
			buildConfigurationList = 612DBF6A220022BE007F73CC /* Build configuration list for PBXNativeTarget "RxStudy" */;
			buildPhases = (
				EF46B8D0F950D7802A4E4FE4 /* [CP] Check Pods Manifest.lock */,
				619EDB2F2660B7090056A3D9 /* R func script */,
				612DBF54220022BA007F73CC /* Sources */,
				612DBF55220022BA007F73CC /* Frameworks */,
				612DBF56220022BA007F73CC /* Resources */,
				0460F2413F12E891719D5EFC /* [CP] Embed Pods Frameworks */,
			);
			buildRules = (
			);
			dependencies = (
			);
			name = RxStudy;
			productName = RxStudy;
			productReference = 612DBF58220022BA007F73CC /* RxStudy.app */;
			productType = "com.apple.product-type.application";
		};
/* End PBXNativeTarget section */

/* Begin PBXProject section */
		612DBF50220022BA007F73CC /* Project object */ = {
			isa = PBXProject;
			attributes = {
				LastSwiftUpdateCheck = 1010;
				LastUpgradeCheck = 1010;
				ORGANIZATIONNAME = season;
				TargetAttributes = {
					612DBF57220022BA007F73CC = {
						CreatedOnToolsVersion = 10.1;
						LastSwiftMigration = 1320;
						SystemCapabilities = {
							com.apple.BackgroundModes = {
								enabled = 1;
							};
							com.apple.Maps.iOS = {
								enabled = 1;
							};
						};
					};
				};
			};
			buildConfigurationList = 612DBF53220022BA007F73CC /* Build configuration list for PBXProject "RxStudy" */;
			compatibilityVersion = "Xcode 9.3";
			developmentRegion = en;
			hasScannedForEncodings = 0;
			knownRegions = (
				en,
				Base,
				"zh-Hans",
			);
			mainGroup = 612DBF4F220022BA007F73CC;
			productRefGroup = 612DBF59220022BA007F73CC /* Products */;
			projectDirPath = "";
			projectRoot = "";
			targets = (
				612DBF57220022BA007F73CC /* RxStudy */,
			);
		};
/* End PBXProject section */

/* Begin PBXResourcesBuildPhase section */
		612DBF56220022BA007F73CC /* Resources */ = {
			isa = PBXResourcesBuildPhase;
			buildActionMask = 2147483647;
			files = (
				61BB7C63267A057700990636 /* PublicNumberList.json in Resources */,
				612DBF66220022BE007F73CC /* LaunchScreen.storyboard in Resources */,
				612DBF63220022BE007F73CC /* Assets.xcassets in Resources */,
				008598BF27B4E0DA003E9EF7 /* InfoPlist.strings in Resources */,
				6114ABEF267AD6CD0082BA67 /* MyCoin.json in Resources */,
				61BB7C69267A057700990636 /* Tree.json in Resources */,
				61BB7C5C267A057700990636 /* MyCollectList.json in Resources */,
				61BB7C66267A057700990636 /* MyCoinList.json in Resources */,
				6114ABF3267AD8AB0082BA67 /* Pods-RxStudy-acknowledgements.plist in Resources */,
				6194601126B12D2200A66F77 /* README.md in Resources */,
				61BB7C61267A057700990636 /* PublicNumber.json in Resources */,
				61BB7C5E267A057700990636 /* AMapLocation.json in Resources */,
				61BB7C5A267A057700990636 /* LoginAndRegister.json in Resources */,
				61BB7C62267A057700990636 /* ArticleTopList.json in Resources */,
				61BB7C68267A057700990636 /* ProjectClassifyList.json in Resources */,
				61BB7C65267A057700990636 /* ProjectClassify.json in Resources */,
				61BB7C60267A057700990636 /* CollectArticleAction.json in Resources */,
				61BB7C5B267A057700990636 /* ArticleNormalList.json in Resources */,
				612DBF61220022BA007F73CC /* Main.storyboard in Resources */,
				61BB7C59267A057700990636 /* Logout.json in Resources */,
				61BB7C67267A057700990636 /* HotKey.json in Resources */,
				61BB7C5F267A057700990636 /* Banner.json in Resources */,
				61BB7C64267A057700990636 /* SearchResult.json in Resources */,
				61BB7C5D267A057700990636 /* RankList.json in Resources */,
				000D937326DCAC190099A749 /* open.js in Resources */,
				0048E6D6277AB21F00F6C739 /* appStore.js in Resources */,
			);
			runOnlyForDeploymentPostprocessing = 0;
		};
/* End PBXResourcesBuildPhase section */

/* Begin PBXShellScriptBuildPhase section */
		0460F2413F12E891719D5EFC /* [CP] Embed Pods Frameworks */ = {
			isa = PBXShellScriptBuildPhase;
			buildActionMask = 2147483647;
			files = (
			);
			inputFileListPaths = (
				"${PODS_ROOT}/Target Support Files/Pods-RxStudy/Pods-RxStudy-frameworks-${CONFIGURATION}-input-files.xcfilelist",
			);
			name = "[CP] Embed Pods Frameworks";
			outputFileListPaths = (
				"${PODS_ROOT}/Target Support Files/Pods-RxStudy/Pods-RxStudy-frameworks-${CONFIGURATION}-output-files.xcfilelist",
			);
			runOnlyForDeploymentPostprocessing = 0;
			shellPath = /bin/sh;
			shellScript = "\"${PODS_ROOT}/Target Support Files/Pods-RxStudy/Pods-RxStudy-frameworks.sh\"\n";
			showEnvVarsInLog = 0;
		};
		619EDB2F2660B7090056A3D9 /* R func script */ = {
			isa = PBXShellScriptBuildPhase;
			buildActionMask = 2147483647;
			files = (
			);
			inputFileListPaths = (
			);
			inputPaths = (
				"$TEMP_DIR/rswift-lastrun",
			);
			name = "R func script";
			outputFileListPaths = (
			);
			outputPaths = (
				$SRCROOT/R.generated.swift,
			);
			runOnlyForDeploymentPostprocessing = 0;
			shellPath = /bin/sh;
			shellScript = "# Type a script or drag a script file from your workspace to insert its path.\n\"$PODS_ROOT/R.swift/rswift\" generate \"$SRCROOT/R.generated.swift\"\n";
		};
		EF46B8D0F950D7802A4E4FE4 /* [CP] Check Pods Manifest.lock */ = {
			isa = PBXShellScriptBuildPhase;
			buildActionMask = 2147483647;
			files = (
			);
			inputFileListPaths = (
			);
			inputPaths = (
				"${PODS_PODFILE_DIR_PATH}/Podfile.lock",
				"${PODS_ROOT}/Manifest.lock",
			);
			name = "[CP] Check Pods Manifest.lock";
			outputFileListPaths = (
			);
			outputPaths = (
				"$(DERIVED_FILE_DIR)/Pods-RxStudy-checkManifestLockResult.txt",
			);
			runOnlyForDeploymentPostprocessing = 0;
			shellPath = /bin/sh;
			shellScript = "diff \"${PODS_PODFILE_DIR_PATH}/Podfile.lock\" \"${PODS_ROOT}/Manifest.lock\" > /dev/null\nif [ $? != 0 ] ; then\n    # print error to STDERR\n    echo \"error: The sandbox is not in sync with the Podfile.lock. Run 'pod install' or update your CocoaPods installation.\" >&2\n    exit 1\nfi\n# This output is used by Xcode 'outputs' to avoid re-running this script phase.\necho \"SUCCESS\" > \"${SCRIPT_OUTPUT_FILE_0}\"\n";
			showEnvVarsInLog = 0;
		};
/* End PBXShellScriptBuildPhase section */

/* Begin PBXSourcesBuildPhase section */
		612DBF54220022BA007F73CC /* Sources */ = {
			isa = PBXSourcesBuildPhase;
			buildActionMask = 2147483647;
			files = (
				61B13D622680915400665A08 /* ThirdPartyDetailController.swift in Sources */,
				6171E19F26661AAA0065C34D /* AccountBaseController.swift in Sources */,
				0048E6D0277AAB6000F6C739 /* MyGitHubController.swift in Sources */,
				61336C78265644DC00FDEB2A /* HomeService.swift in Sources */,
				61336C702656415000FDEB2A /* Api.swift in Sources */,
				61A6ED10265C9D2A00E3CA9D /* HomeController.swift in Sources */,
				00BD699926EF1C2E00C5C04B /* Rx+Operators.swift in Sources */,
				61B79950268190F40025EADE /* MyCoinViewModel.swift in Sources */,
				612DBF5E220022BA007F73CC /* ViewController.swift in Sources */,
				61CE1D97265E51BC0039E288 /* TabsViewModel.swift in Sources */,
				619BA35C26895DDF007C7135 /* BaseNavigationController.swift in Sources */,
				611471CC26B106AC00E298F5 /* UIColor+Extension.swift in Sources */,
				61B44A4126B79CA500791859 /* Transform.swift in Sources */,
				0048E6D8277AB4E100F6C739 /* WebView+Extension.swift in Sources */,
				61990342265F2F07002C8A1A /* SingleTabListViewModel.swift in Sources */,
				617AAA39265CAD820029A83F /* Moya+Plugin.swift in Sources */,
				003B6303278FBB5600EA265E /* Header.swift in Sources */,
				6171E19B266611650065C34D /* AccountService.swift in Sources */,
				6171E1A126661EC60065C34D /* RegisterController.swift in Sources */,
				61C97938265E2B0400E7A1BC /* TabsController.swift in Sources */,
				617E44F3269574CF00DA9EA2 /* ViewState.swift in Sources */,
				00634E8B26E9D4BD00B3350D /* Setter.swift in Sources */,
				61B13D6026808DC100665A08 /* ThirdPartyController.swift in Sources */,
				61C97936265E2AB400E7A1BC /* TagType.swift in Sources */,
				0038326826F5821E0071EE7E /* InfoCell.swift in Sources */,
				00306C5D26F0A63400BB04E1 /* FSPagerView+Rx.swift in Sources */,
				61F2824C265F8996009E16C9 /* WeakScriptMessageDelegate.swift in Sources */,
				61B539002678863A00EEFE1F /* My.swift in Sources */,
				6171E19D266615850065C34D /* AccountInfo.swift in Sources */,
				00E1904226D4C66200683BDE /* Provider.swift in Sources */,
				617AAA3B265CC7BF0029A83F /* BaseViewModel.swift in Sources */,
				009723D226EC4B8D00A77EAC /* EditTableViewController.swift in Sources */,
				61A6ED12265C9D6800E3CA9D /* HomeViewModel.swift in Sources */,
				61336C7D2656499100FDEB2A /* Dictionary+Extension.swift in Sources */,
				0041309927B3A16B0083A313 /* UITraitCollection+Extension.swift in Sources */,
				61336C7F2656642700FDEB2A /* Page.swift in Sources */,
				0048E6CE277AAB1900F6C739 /* MyJueJinController.swift in Sources */,
				61716AA1267B3EEA00F9DC25 /* RxSwiftCoinRankListController.swift in Sources */,
				61F28245265F4A23009E16C9 /* TreeController.swift in Sources */,
				0082108D26E1FF3300525CE4 /* DebugLog.swift in Sources */,
				6114ABF5267ADF6E0082BA67 /* MyView.swift in Sources */,
				006C5A6426F423EF004998A9 /* RxWebViewControllerDelegateProxy.swift in Sources */,
				61336C8B2657581100FDEB2A /* BaseViewController.swift in Sources */,
				61336C812656667900FDEB2A /* Info.swift in Sources */,
				6186948D267C4DBC0086F051 /* MJRefresh+RxSwift.swift in Sources */,
				61336C8526574E0500FDEB2A /* CoinRank.swift in Sources */,
				61B5390226789F4D00EEFE1F /* MyHistoryCoin.swift in Sources */,
				6171E18C2664B08C0065C34D /* BaseTableViewController.swift in Sources */,
				6164F0FF268F053000CD43DF /* MyBaseWebViewController.swift in Sources */,
				61F2824B265F8996009E16C9 /* WebViewController.swift in Sources */,
				6114ABF1267AD8450082BA67 /* R.generated.swift in Sources */,
				6171E1912665D7640065C34D /* LoginController.swift in Sources */,
				6171E18F2665D4190065C34D /* MyController.swift in Sources */,
				611E2E042660782C001585AE /* ConstraintArrayDSL.swift in Sources */,
				61990340265F2DBB002C8A1A /* SingleTabListController.swift in Sources */,
				61336C7B2656494900FDEB2A /* Int+Extension.swift in Sources */,
				61F28247265F84F8009E16C9 /* WebLoadInfo.swift in Sources */,
				6114ABF7267AECE30082BA67 /* MyCoinController.swift in Sources */,
				00306C5B26F095D400BB04E1 /* RxFSPagerViewDelegateProxy.swift in Sources */,
				616EC970269E822E008FAFDF /* HUD.swift in Sources */,
				61B79952268193D00025EADE /* MyCollectionViewModel.swift in Sources */,
				6186948E267C4DBC0086F051 /* UIScrollView+RxSwift.swift in Sources */,
				61336C752656443A00FDEB2A /* Banner.swift in Sources */,
				61336C882657537100FDEB2A /* CoinRankListController.swift in Sources */,
				61C9792F265E282C00E7A1BC /* ProjectService.swift in Sources */,
				61BF833D265B41E50063EE4E /* NSObject+Extension.swift in Sources */,
				611E2E032660782C001585AE /* ConstraintArray+Extensions.swift in Sources */,
				61336C732656433000FDEB2A /* BaseModel.swift in Sources */,
				00CC8000283B8A4400E92A6C /* Codable+Extension.swift in Sources */,
				006C5A6626F4259A004998A9 /* WebViewController+Rx.swift in Sources */,
				61F2823C265F3D44009E16C9 /* PublicNumberService.swift in Sources */,
				61BB7C462679C4F800990636 /* MyViewModel.swift in Sources */,
				005BD7F628489494000B6885 /* ScriptMessageHandlerType.swift in Sources */,
				61CE1D99265E53EE0039E288 /* Tab.swift in Sources */,
				611E2E0C26608E00001585AE /* SearcResultController.swift in Sources */,
				611E2E0E266090C0001585AE /* SearchResultViewModel.swift in Sources */,
				619EDB352660BA920056A3D9 /* MBProgressHUD+Extension.swift in Sources */,
				611E2E0826607929001585AE /* HotKey.swift in Sources */,
				611E2E0A2660797C001585AE /* HotKeyViewModel.swift in Sources */,
				611E2E10266096EA001585AE /* String+Extension.swift in Sources */,
				61F2823E265F3FAD009E16C9 /* TreeService.swift in Sources */,
				61336C8326574C4D00FDEB2A /* MyService.swift in Sources */,
				6171E1982665FE570065C34D /* Constant.swift in Sources */,
				6114ABF9267AED660082BA67 /* MyCollectionController.swift in Sources */,
				61B799542681B5760025EADE /* WebViewModel.swift in Sources */,
				619EDB372660BF820056A3D9 /* InfoViewCell.swift in Sources */,
				61BF8340265B8CCA0063EE4E /* CoinRankViewModel.swift in Sources */,
				616EC96E269E8154008FAFDF /* SVProgressHUD+Extension.swift in Sources */,
				611E2E0626607869001585AE /* HotKeyController.swift in Sources */,
				007ED6F526A50EB600D2EE94 /* SnapKitLayoutController.swift in Sources */,
				61A6ED0A265C963900E3CA9D /* ViewModelProtocol.swift in Sources */,
				612DBF5C220022BA007F73CC /* AppDelegate.swift in Sources */,
				0082108F26E20AC000525CE4 /* UIPanGestureRecognizer+Extension.swift in Sources */,
				61716A9F267B3A4A00F9DC25 /* SwiftCoinRankListController.swift in Sources */,
				6171E1A3266623D10065C34D /* AccountManager.swift in Sources */,
			);
			runOnlyForDeploymentPostprocessing = 0;
		};
/* End PBXSourcesBuildPhase section */

/* Begin PBXVariantGroup section */
		008598C127B4E0DA003E9EF7 /* InfoPlist.strings */ = {
			isa = PBXVariantGroup;
			children = (
				008598C027B4E0DA003E9EF7 /* en */,
				008598C227B4E0ED003E9EF7 /* zh-Hans */,
			);
			name = InfoPlist.strings;
			sourceTree = "<group>";
		};
		612DBF5F220022BA007F73CC /* Main.storyboard */ = {
			isa = PBXVariantGroup;
			children = (
				612DBF60220022BA007F73CC /* Base */,
			);
			name = Main.storyboard;
			sourceTree = "<group>";
		};
		612DBF64220022BE007F73CC /* LaunchScreen.storyboard */ = {
			isa = PBXVariantGroup;
			children = (
				612DBF65220022BE007F73CC /* Base */,
			);
			name = LaunchScreen.storyboard;
			sourceTree = "<group>";
		};
/* End PBXVariantGroup section */

/* Begin XCBuildConfiguration section */
		612DBF68220022BE007F73CC /* Debug */ = {
			isa = XCBuildConfiguration;
			buildSettings = {
				ALWAYS_SEARCH_USER_PATHS = NO;
				CLANG_ANALYZER_LOCALIZABILITY_NONLOCALIZED = YES;
				CLANG_ANALYZER_NONNULL = YES;
				CLANG_ANALYZER_NUMBER_OBJECT_CONVERSION = YES_AGGRESSIVE;
				CLANG_CXX_LANGUAGE_STANDARD = "gnu++14";
				CLANG_CXX_LIBRARY = "libc++";
				CLANG_ENABLE_MODULES = YES;
				CLANG_ENABLE_OBJC_ARC = YES;
				CLANG_ENABLE_OBJC_WEAK = YES;
				CLANG_WARN_BLOCK_CAPTURE_AUTORELEASING = YES;
				CLANG_WARN_BOOL_CONVERSION = YES;
				CLANG_WARN_COMMA = YES;
				CLANG_WARN_CONSTANT_CONVERSION = YES;
				CLANG_WARN_DEPRECATED_OBJC_IMPLEMENTATIONS = YES;
				CLANG_WARN_DIRECT_OBJC_ISA_USAGE = YES_ERROR;
				CLANG_WARN_DOCUMENTATION_COMMENTS = YES;
				CLANG_WARN_EMPTY_BODY = YES;
				CLANG_WARN_ENUM_CONVERSION = YES;
				CLANG_WARN_INFINITE_RECURSION = YES;
				CLANG_WARN_INT_CONVERSION = YES;
				CLANG_WARN_NON_LITERAL_NULL_CONVERSION = YES;
				CLANG_WARN_OBJC_IMPLICIT_RETAIN_SELF = YES;
				CLANG_WARN_OBJC_LITERAL_CONVERSION = YES;
				CLANG_WARN_OBJC_ROOT_CLASS = YES_ERROR;
				CLANG_WARN_RANGE_LOOP_ANALYSIS = YES;
				CLANG_WARN_STRICT_PROTOTYPES = YES;
				CLANG_WARN_SUSPICIOUS_MOVE = YES;
				CLANG_WARN_UNGUARDED_AVAILABILITY = YES_AGGRESSIVE;
				CLANG_WARN_UNREACHABLE_CODE = YES;
				CLANG_WARN__DUPLICATE_METHOD_MATCH = YES;
				CODE_SIGN_IDENTITY = "iPhone Developer";
				COPY_PHASE_STRIP = NO;
				DEBUG_INFORMATION_FORMAT = dwarf;
				ENABLE_STRICT_OBJC_MSGSEND = YES;
				ENABLE_TESTABILITY = YES;
				GCC_C_LANGUAGE_STANDARD = gnu11;
				GCC_DYNAMIC_NO_PIC = NO;
				GCC_NO_COMMON_BLOCKS = YES;
				GCC_OPTIMIZATION_LEVEL = 0;
				GCC_PREPROCESSOR_DEFINITIONS = (
					"DEBUG=1",
					"$(inherited)",
				);
				GCC_WARN_64_TO_32_BIT_CONVERSION = YES;
				GCC_WARN_ABOUT_RETURN_TYPE = YES_ERROR;
				GCC_WARN_UNDECLARED_SELECTOR = YES;
				GCC_WARN_UNINITIALIZED_AUTOS = YES_AGGRESSIVE;
				GCC_WARN_UNUSED_FUNCTION = YES;
				GCC_WARN_UNUSED_VARIABLE = YES;
				IPHONEOS_DEPLOYMENT_TARGET = 12.1;
				MTL_ENABLE_DEBUG_INFO = INCLUDE_SOURCE;
				MTL_FAST_MATH = YES;
				ONLY_ACTIVE_ARCH = YES;
				SDKROOT = iphoneos;
				SWIFT_ACTIVE_COMPILATION_CONDITIONS = DEBUG;
				SWIFT_OPTIMIZATION_LEVEL = "-Onone";
			};
			name = Debug;
		};
		612DBF69220022BE007F73CC /* Release */ = {
			isa = XCBuildConfiguration;
			buildSettings = {
				ALWAYS_SEARCH_USER_PATHS = NO;
				CLANG_ANALYZER_LOCALIZABILITY_NONLOCALIZED = YES;
				CLANG_ANALYZER_NONNULL = YES;
				CLANG_ANALYZER_NUMBER_OBJECT_CONVERSION = YES_AGGRESSIVE;
				CLANG_CXX_LANGUAGE_STANDARD = "gnu++14";
				CLANG_CXX_LIBRARY = "libc++";
				CLANG_ENABLE_MODULES = YES;
				CLANG_ENABLE_OBJC_ARC = YES;
				CLANG_ENABLE_OBJC_WEAK = YES;
				CLANG_WARN_BLOCK_CAPTURE_AUTORELEASING = YES;
				CLANG_WARN_BOOL_CONVERSION = YES;
				CLANG_WARN_COMMA = YES;
				CLANG_WARN_CONSTANT_CONVERSION = YES;
				CLANG_WARN_DEPRECATED_OBJC_IMPLEMENTATIONS = YES;
				CLANG_WARN_DIRECT_OBJC_ISA_USAGE = YES_ERROR;
				CLANG_WARN_DOCUMENTATION_COMMENTS = YES;
				CLANG_WARN_EMPTY_BODY = YES;
				CLANG_WARN_ENUM_CONVERSION = YES;
				CLANG_WARN_INFINITE_RECURSION = YES;
				CLANG_WARN_INT_CONVERSION = YES;
				CLANG_WARN_NON_LITERAL_NULL_CONVERSION = YES;
				CLANG_WARN_OBJC_IMPLICIT_RETAIN_SELF = YES;
				CLANG_WARN_OBJC_LITERAL_CONVERSION = YES;
				CLANG_WARN_OBJC_ROOT_CLASS = YES_ERROR;
				CLANG_WARN_RANGE_LOOP_ANALYSIS = YES;
				CLANG_WARN_STRICT_PROTOTYPES = YES;
				CLANG_WARN_SUSPICIOUS_MOVE = YES;
				CLANG_WARN_UNGUARDED_AVAILABILITY = YES_AGGRESSIVE;
				CLANG_WARN_UNREACHABLE_CODE = YES;
				CLANG_WARN__DUPLICATE_METHOD_MATCH = YES;
				CODE_SIGN_IDENTITY = "iPhone Developer";
				COPY_PHASE_STRIP = NO;
				DEBUG_INFORMATION_FORMAT = "dwarf-with-dsym";
				ENABLE_NS_ASSERTIONS = NO;
				ENABLE_STRICT_OBJC_MSGSEND = YES;
				GCC_C_LANGUAGE_STANDARD = gnu11;
				GCC_NO_COMMON_BLOCKS = YES;
				GCC_WARN_64_TO_32_BIT_CONVERSION = YES;
				GCC_WARN_ABOUT_RETURN_TYPE = YES_ERROR;
				GCC_WARN_UNDECLARED_SELECTOR = YES;
				GCC_WARN_UNINITIALIZED_AUTOS = YES_AGGRESSIVE;
				GCC_WARN_UNUSED_FUNCTION = YES;
				GCC_WARN_UNUSED_VARIABLE = YES;
				IPHONEOS_DEPLOYMENT_TARGET = 12.1;
				MTL_ENABLE_DEBUG_INFO = NO;
				MTL_FAST_MATH = YES;
				SDKROOT = iphoneos;
				SWIFT_COMPILATION_MODE = wholemodule;
				SWIFT_OPTIMIZATION_LEVEL = "-O";
				VALIDATE_PRODUCT = YES;
			};
			name = Release;
		};
		612DBF6B220022BE007F73CC /* Debug */ = {
			isa = XCBuildConfiguration;
			baseConfigurationReference = 5A2758E8D8ECE30F518E8840 /* Pods-RxStudy.debug.xcconfig */;
			buildSettings = {
				ASSETCATALOG_COMPILER_APPICON_NAME = AppIcon;
				CLANG_ENABLE_MODULES = YES;
				CODE_SIGN_STYLE = Automatic;
				DEVELOPMENT_TEAM = B6Q5RKSB5N;
				INFOPLIST_FILE = RxStudy/Info.plist;
				LD_RUNPATH_SEARCH_PATHS = (
					"$(inherited)",
					"@executable_path/Frameworks",
				);
				PRODUCT_BUNDLE_IDENTIFIER = com.lostsakura.www.RxStudy;
				PRODUCT_NAME = "$(TARGET_NAME)";
				SWIFT_OBJC_BRIDGING_HEADER = "RxStudy/RxStudy-Bridging-Header.h";
				SWIFT_OPTIMIZATION_LEVEL = "-Onone";
				SWIFT_OPTIMIZE_OBJECT_LIFETIME = YES;
				SWIFT_VERSION = 5.0;
				TARGETED_DEVICE_FAMILY = "1,2";
			};
			name = Debug;
		};
		612DBF6C220022BE007F73CC /* Release */ = {
			isa = XCBuildConfiguration;
			baseConfigurationReference = 79B2FFE2773896A31397900C /* Pods-RxStudy.release.xcconfig */;
			buildSettings = {
				ASSETCATALOG_COMPILER_APPICON_NAME = AppIcon;
				CLANG_ENABLE_MODULES = YES;
				CODE_SIGN_STYLE = Automatic;
				DEVELOPMENT_TEAM = B6Q5RKSB5N;
				INFOPLIST_FILE = RxStudy/Info.plist;
				LD_RUNPATH_SEARCH_PATHS = (
					"$(inherited)",
					"@executable_path/Frameworks",
				);
				PRODUCT_BUNDLE_IDENTIFIER = com.lostsakura.www.RxStudy;
				PRODUCT_NAME = "$(TARGET_NAME)";
				SWIFT_OBJC_BRIDGING_HEADER = "RxStudy/RxStudy-Bridging-Header.h";
				SWIFT_OPTIMIZE_OBJECT_LIFETIME = YES;
				SWIFT_VERSION = 5.0;
				TARGETED_DEVICE_FAMILY = "1,2";
			};
			name = Release;
		};
/* End XCBuildConfiguration section */

/* Begin XCConfigurationList section */
		612DBF53220022BA007F73CC /* Build configuration list for PBXProject "RxStudy" */ = {
			isa = XCConfigurationList;
			buildConfigurations = (
				612DBF68220022BE007F73CC /* Debug */,
				612DBF69220022BE007F73CC /* Release */,
			);
			defaultConfigurationIsVisible = 0;
			defaultConfigurationName = Release;
		};
		612DBF6A220022BE007F73CC /* Build configuration list for PBXNativeTarget "RxStudy" */ = {
			isa = XCConfigurationList;
			buildConfigurations = (
				612DBF6B220022BE007F73CC /* Debug */,
				612DBF6C220022BE007F73CC /* Release */,
			);
			defaultConfigurationIsVisible = 0;
			defaultConfigurationName = Release;
		};
/* End XCConfigurationList section */
	};
	rootObject = 612DBF50220022BA007F73CC /* Project object */;
}
