PODS:
  - AcknowList (2.0.1)
  - Alamofire (5.4.3)
  - Differentiator (4.0.1)
  - DZNEmptyDataSet (1.8.1)
  - Highlightr (2.1.0)
  - IQKeyboardManagerSwift (6.5.6)
  - KeychainAccess (4.2.2)
  - Kingfisher (6.3.0)
  - MJRefresh (3.6.1)
  - Moya/Core (14.0.0):
    - Alamofire (~> 5.0)
  - Moya/RxSwift (14.0.0):
    - Moya/Core
    - RxSwift (~> 5.0)
  - "NSObject+Rx (5.1.0)":
    - RxSwift (~> 5.1)
  - NVActivityIndicatorView (4.8.0):
    - NVActivityIndicatorView/Presenter (= 4.8.0)
  - NVActivityIndicatorView/Presenter (4.8.0)
  - R.swift (5.4.0):
    - R.swift.Library (~> 5.3.0)
  - R.swift.Library (5.3.0)
  - RAMAnimatedTabBarController (5.2.0)
  - RxBlocking (5.1.1):
    - RxSwift (~> 5)
  - RxCocoa (5.1.1):
    - RxRelay (~> 5)
    - RxSwift (~> 5)
  - RxDataSources (4.0.1):
    - Differentiator (~> 4.0)
    - RxCocoa (~> 5.0)
    - RxSwift (~> 5.0)
  - RxGesture (3.0.2):
    - RxCocoa (~> 5.1)
    - RxSwift (~> 5.1)
  - RxOptional (4.1.0):
    - RxCocoa (~> 5)
    - RxSwift (~> 5)
  - RxRelay (5.1.1):
    - RxSwift (~> 5)
  - RxSwift (5.1.2)
  - RxSwiftExt (5.2.0):
    - RxSwiftExt/Core (= 5.2.0)
    - RxSwiftExt/RxCocoa (= 5.2.0)
  - RxSwiftExt/Core (5.2.0):
    - RxSwift (~> 5.0)
  - RxSwiftExt/RxCocoa (5.2.0):
    - RxCocoa (~> 5.0)
    - RxSwiftExt/Core
  - RxTheme (4.1.1):
    - RxCocoa (~> 5.0)
    - RxSwift (~> 5.0)
  - RxViewController (1.0.0):
    - RxCocoa (~> 5.0)
    - RxSwift (~> 5.0)
  - SnapKit (5.0.1)
  - SwiftDate (6.3.1)

DEPENDENCIES:
  - AcknowList
  - DZNEmptyDataSet
  - Highlightr
  - IQKeyboardManagerSwift
  - KeychainAccess
  - Kingfisher
  - MJRefresh
  - Moya/RxSwift
  - "NSObject+Rx"
  - NVActivityIndicatorView
  - R.swift
  - RAMAnimatedTabBarController
  - RxBlocking
  - RxCocoa
  - RxDataSources
  - RxGesture
  - RxOptional
  - RxSwift
  - RxSwiftExt
  - RxTheme
  - RxViewController
  - SnapKit
  - SwiftDate

SPEC REPOS:
  trunk:
    - AcknowList
    - Alamofire
    - Differentiator
    - DZNEmptyDataSet
    - Highlightr
    - IQKeyboardManagerSwift
    - KeychainAccess
    - Kingfisher
    - MJRefresh
    - Moya
    - "NSObject+Rx"
    - NVActivityIndicatorView
    - R.swift
    - R.swift.Library
    - RAMAnimatedTabBarController
    - RxBlocking
    - RxCocoa
    - RxDataSources
    - RxGesture
    - RxOptional
    - RxRelay
    - RxSwift
    - RxSwiftExt
    - RxTheme
    - RxViewController
    - SnapKit
    - SwiftDate

SPEC CHECKSUMS:
  AcknowList: d5476fd33f5c4614c676933ab79d05775e5e20b7
  Alamofire: e447a2774a40c996748296fa2c55112fdbbc42f9
  Differentiator: 886080237d9f87f322641dedbc5be257061b0602
  DZNEmptyDataSet: 9525833b9e68ac21c30253e1d3d7076cc828eaa7
  Highlightr: 595f3e100737c8de41113385da8bd0b5b65212c6
  IQKeyboardManagerSwift: c7df9d2deb356c04522f5c4b7b6e4ce4d8ed94fe
  KeychainAccess: c0c4f7f38f6fc7bbe58f5702e25f7bd2f65abf51
  Kingfisher: 6c3df386db71d82c0817a429d2c9421a77396529
  MJRefresh: d2c1970d1cf6e77fcfcdfe76c943dfab8dbfa5c1
  Moya: 5b45dacb75adb009f97fde91c204c1e565d31916
  "NSObject+Rx": fa6bbcc1ab1faa06b01466bc09b1e0692bbc5946
  NVActivityIndicatorView: d24b7ebcf80af5dcd994adb650e2b6c93379270f
  R.swift: c533450b0f7dc494e0993f5f1a1db925d84c3006
  R.swift.Library: 0fc583cb55a99e28901299cc451614cad1161962
  RAMAnimatedTabBarController: 6863a386e7ae2ab227cd60aa73ab8ff56cdacfdd
  RxBlocking: 5f700a78cad61ce253ebd37c9a39b5ccc76477b4
  RxCocoa: 32065309a38d29b5b0db858819b5bf9ef038b601
  RxDataSources: efee07fa4de48477eca0a4611e6d11e2da9c1114
  RxGesture: d6bd7447ca3a596c7a9702a6a2b6a2bb5d8bae54
  RxOptional: b1fcd60856807a564c0215c2184b8d33e7826dc2
  RxRelay: d77f7d771495f43c556cbc43eebd1bb54d01e8e9
  RxSwift: 1e2e1f9570186967f617e49128ed26ccf1bafc8e
  RxSwiftExt: 4ca80336f43c28f11a2825cdd2fc61dd6c044697
  RxTheme: 7cda2f036363a0b620cf07b3480cbbbbb00c1d25
  RxViewController: 7330a46e5c31cd680db169da4c9fc8676e975a81
  SnapKit: 97b92857e3df3a0c71833cce143274bf6ef8e5eb
  SwiftDate: 72d28954e8e1c6c1c0f917ccc8005e4f83c7d4b2

PODFILE CHECKSUM: 19520d9d3fea3050bcb1ff5fd3e8569559b2287b

COCOAPODS: 1.10.1
