PODS:
  - AcknowList (3.2.0)
  - Alamofire (5.10.2)
  - CocoaDebug (1.7.7)
  - CocoaLumberjack/Core (3.8.5)
  - CocoaLumberjack/Swift (3.8.5):
    - CocoaLumberjack/Core
  - CombineCocoa (0.4.1)
  - CombineExt (1.8.0)
  - Differentiator (5.0.0)
  - DZNEmptyDataSet (1.8.1)
  - FlexLayout (2.2.0):
    - Yoga (= 3.2.1)
  - FSPagerView (0.8.3)
  - FunnyButton (0.1.5)
  - IQKeyboardCore (1.0.5)
  - IQKeyboardManagerSwift (8.0.0):
    - IQKeyboardManagerSwift/Appearance (= 8.0.0)
    - IQKeyboardManagerSwift/Core (= 8.0.0)
    - IQKeyboardManagerSwift/IQKeyboardReturnManager (= 8.0.0)
    - IQKeyboardManagerSwift/IQKeyboardToolbarManager (= 8.0.0)
    - IQKeyboardManagerSwift/IQTextView (= 8.0.0)
    - IQKeyboardManagerSwift/Resign (= 8.0.0)
  - IQKeyboardManagerSwift/Appearance (8.0.0):
    - IQKeyboardManagerSwift/Core
  - IQKeyboardManagerSwift/Core (8.0.0):
    - IQKeyboardNotification
    - IQTextInputViewNotification
  - IQKeyboardManagerSwift/IQKeyboardReturnManager (8.0.0):
    - IQKeyboardReturnManager
  - IQKeyboardManagerSwift/IQKeyboardToolbarManager (8.0.0):
    - IQKeyboardManagerSwift/Core
    - IQKeyboardToolbarManager
  - IQKeyboardManagerSwift/IQTextView (8.0.0):
    - IQTextView
  - IQKeyboardManagerSwift/Resign (8.0.0):
    - IQKeyboardManagerSwift/Core
  - IQKeyboardNotification (1.0.3)
  - IQKeyboardReturnManager (1.0.4):
    - IQKeyboardCore (= 1.0.5)
  - IQKeyboardToolbar (1.1.1):
    - IQKeyboardCore
    - IQKeyboardToolbar/Core (= 1.1.1)
  - IQKeyboardToolbar/Core (1.1.1):
    - IQKeyboardCore
    - IQKeyboardToolbar/Placeholderable
  - IQKeyboardToolbar/Placeholderable (1.1.1):
    - IQKeyboardCore
  - IQKeyboardToolbarManager (1.1.2):
    - IQKeyboardToolbar
    - IQTextInputViewNotification
  - IQTextInputViewNotification (1.0.8):
    - IQKeyboardCore
  - IQTextView (1.0.5):
    - IQKeyboardToolbar/Placeholderable
  - JWNetAutoCache (0.0.2)
  - JXSegmentedView (1.4.1)
  - KeychainAccess (4.2.2)
  - Kingfisher (8.1.1)
  - KSCrash (1.17.7):
    - KSCrash/Installations (= 1.17.7)
  - KSCrash/Installations (1.17.7):
    - KSCrash/Recording
    - KSCrash/Reporting
  - KSCrash/Recording (1.17.7):
    - KSCrash/Recording/Tools (= 1.17.7)
  - KSCrash/Recording/Tools (1.17.7)
  - KSCrash/Reporting (1.17.7):
    - KSCrash/Recording
    - KSCrash/Reporting/Filters (= 1.17.7)
    - KSCrash/Reporting/MessageUI (= 1.17.7)
    - KSCrash/Reporting/Sinks (= 1.17.7)
    - KSCrash/Reporting/Tools (= 1.17.7)
  - KSCrash/Reporting/Filters (1.17.7):
    - KSCrash/Recording
    - KSCrash/Reporting/Filters/Alert (= 1.17.7)
    - KSCrash/Reporting/Filters/AppleFmt (= 1.17.7)
    - KSCrash/Reporting/Filters/Base (= 1.17.7)
    - KSCrash/Reporting/Filters/Basic (= 1.17.7)
    - KSCrash/Reporting/Filters/GZip (= 1.17.7)
    - KSCrash/Reporting/Filters/JSON (= 1.17.7)
    - KSCrash/Reporting/Filters/Sets (= 1.17.7)
    - KSCrash/Reporting/Filters/Stringify (= 1.17.7)
    - KSCrash/Reporting/Filters/Tools (= 1.17.7)
  - KSCrash/Reporting/Filters/Alert (1.17.7):
    - KSCrash/Recording
    - KSCrash/Reporting/Filters/Base
  - KSCrash/Reporting/Filters/AppleFmt (1.17.7):
    - KSCrash/Recording
    - KSCrash/Reporting/Filters/Base
  - KSCrash/Reporting/Filters/Base (1.17.7):
    - KSCrash/Recording
  - KSCrash/Reporting/Filters/Basic (1.17.7):
    - KSCrash/Recording
    - KSCrash/Reporting/Filters/Base
  - KSCrash/Reporting/Filters/GZip (1.17.7):
    - KSCrash/Recording
    - KSCrash/Reporting/Filters/Base
  - KSCrash/Reporting/Filters/JSON (1.17.7):
    - KSCrash/Recording
    - KSCrash/Reporting/Filters/Base
  - KSCrash/Reporting/Filters/Sets (1.17.7):
    - KSCrash/Recording
    - KSCrash/Reporting/Filters/AppleFmt
    - KSCrash/Reporting/Filters/Base
    - KSCrash/Reporting/Filters/Basic
    - KSCrash/Reporting/Filters/GZip
    - KSCrash/Reporting/Filters/JSON
    - KSCrash/Reporting/Filters/Stringify
  - KSCrash/Reporting/Filters/Stringify (1.17.7):
    - KSCrash/Recording
    - KSCrash/Reporting/Filters/Base
  - KSCrash/Reporting/Filters/Tools (1.17.7):
    - KSCrash/Recording
  - KSCrash/Reporting/MessageUI (1.17.7):
    - KSCrash/Recording
  - KSCrash/Reporting/Sinks (1.17.7):
    - KSCrash/Recording
    - KSCrash/Reporting/Filters
    - KSCrash/Reporting/Tools
  - KSCrash/Reporting/Tools (1.17.7):
    - KSCrash/Recording
  - LifetimeTracker (1.8.3)
  - LookinServer (1.2.8):
    - LookinServer/Core (= 1.2.8)
  - LookinServer/Core (1.2.8)
  - MarqueeLabel (4.5.0)
  - MBProgressHUD (1.2.0)
  - MJRefresh (3.7.9)
  - Moya/Combine (15.0.0):
    - Moya/Core
  - Moya/Core (15.0.0):
    - Alamofire (~> 5.0)
  - Moya/RxSwift (15.0.0):
    - Moya/Core
    - RxSwift (~> 6.0)
  - "NSObject+Rx (5.2.2)":
    - RxSwift (~> 6.2)
  - PinLayout (1.10.5)
  - R.swift (7.8.0)
  - RxBlocking (6.8.0):
    - RxSwift (= 6.8.0)
  - RxCocoa (6.8.0):
    - RxRelay (= 6.8.0)
    - RxSwift (= 6.8.0)
  - RxDataSources (5.0.0):
    - Differentiator (~> 5.0)
    - RxCocoa (~> 6.0)
    - RxSwift (~> 6.0)
  - RxGesture (4.0.4):
    - RxCocoa (~> 6.0)
    - RxSwift (~> 6.0)
  - RxOptional (5.0.6):
    - RxCocoa (~> 6.0)
    - RxSwift (~> 6.0)
  - RxRelay (6.8.0):
    - RxSwift (= 6.8.0)
  - RxSwift (6.8.0)
  - RxSwiftExt (6.2.1):
    - RxSwiftExt/Core (= 6.2.1)
    - RxSwiftExt/RxCocoa (= 6.2.1)
  - RxSwiftExt/Core (6.2.1):
    - RxSwift (~> 6.0)
  - RxSwiftExt/RxCocoa (6.2.1):
    - RxCocoa (~> 6.0)
    - RxSwiftExt/Core
  - RxTheme (6.0.0):
    - RxCocoa (~> 6.0)
    - RxSwift (~> 6.0)
  - RxViewController (2.0.0):
    - RxCocoa (~> 6.0)
    - RxSwift (~> 6.0)
  - SFSafeSymbols (5.3.0)
  - SnapKit (5.7.1)
  - SSZipArchive (2.4.3)
  - SVProgressHUD (2.3.1):
    - SVProgressHUD/Core (= 2.3.1)
  - SVProgressHUD/Core (2.3.1)
  - SwiftDate (7.0.0)
  - TheRouter (1.1.8)
  - Yoga (3.2.1)

DEPENDENCIES:
  - AcknowList
  - CocoaDebug
  - CocoaLumberjack/Swift
  - CombineCocoa
  - CombineExt
  - DZNEmptyDataSet
  - FlexLayout
  - FSPagerView
  - FunnyButton
  - IQKeyboardManagerSwift
  - JWNetAutoCache
  - JXSegmentedView
  - KeychainAccess
  - Kingfisher
  - KSCrash
  - LifetimeTracker
  - LookinServer
  - MarqueeLabel
  - MBProgressHUD
  - MJRefresh
  - Moya/Combine
  - Moya/RxSwift
  - "NSObject+Rx"
  - PinLayout
  - R.swift
  - RxBlocking
  - RxCocoa
  - RxDataSources
  - RxGesture
  - RxOptional
  - RxSwift
  - RxSwiftExt
  - RxTheme
  - RxViewController
  - SFSafeSymbols
  - SnapKit
  - SSZipArchive
  - SVProgressHUD
  - SwiftDate
  - TheRouter

SPEC REPOS:
  trunk:
    - AcknowList
    - Alamofire
    - CocoaDebug
    - CocoaLumberjack
    - CombineCocoa
    - CombineExt
    - Differentiator
    - DZNEmptyDataSet
    - FlexLayout
    - FSPagerView
    - FunnyButton
    - IQKeyboardCore
    - IQKeyboardManagerSwift
    - IQKeyboardNotification
    - IQKeyboardReturnManager
    - IQKeyboardToolbar
    - IQKeyboardToolbarManager
    - IQTextInputViewNotification
    - IQTextView
    - JWNetAutoCache
    - JXSegmentedView
    - KeychainAccess
    - Kingfisher
    - KSCrash
    - LifetimeTracker
    - LookinServer
    - MarqueeLabel
    - MBProgressHUD
    - MJRefresh
    - Moya
    - "NSObject+Rx"
    - PinLayout
    - R.swift
    - RxBlocking
    - RxCocoa
    - RxDataSources
    - RxGesture
    - RxOptional
    - RxRelay
    - RxSwift
    - RxSwiftExt
    - RxTheme
    - RxViewController
    - SFSafeSymbols
    - SnapKit
    - SSZipArchive
    - SVProgressHUD
    - SwiftDate
    - TheRouter
    - Yoga

SPEC CHECKSUMS:
  AcknowList: bbe94f19c25efebcb1b7e6402f466ea8a4b04e62
  Alamofire: 7193b3b92c74a07f85569e1a6c4f4237291e7496
  CocoaDebug: b38d31464b91a9775928f8667d114db07b136565
  CocoaLumberjack: 6a459bc897d6d80bd1b8c78482ec7ad05dffc3f0
  CombineCocoa: e5210dbfb480ff251078929459ac17e750e7af1d
  CombineExt: c4daa97ef75754d8ef319bd79edeef82652f3eea
  Differentiator: e8497ceab83c1b10ca233716d547b9af21b9344d
  DZNEmptyDataSet: 9525833b9e68ac21c30253e1d3d7076cc828eaa7
  FlexLayout: a8947ca2446760b5203ba5a3d862023c92a82fce
  FSPagerView: 670405b2f18e2a87fa37f20b00de783e562c25a8
  FunnyButton: e8202ece176aaa5f7ead1e5c8eb0f29d28fc5ad4
  IQKeyboardCore: 28c8bf3bcd8ba5aa1570b318cbc4da94b861711e
  IQKeyboardManagerSwift: 0c6fbbaa2e60739e48d7cf59f25661471a7a3a65
  IQKeyboardNotification: d7382c4466c5a5adef92c7452ebf861b36050088
  IQKeyboardReturnManager: 972be48528ce9e7508ab3ab15ac7efac803f17f5
  IQKeyboardToolbar: d4bdccfb78324aec2f3920659c77bb89acd33312
  IQKeyboardToolbarManager: 6f4072ac620c2572d4af8c09f42a801f3e4909f7
  IQTextInputViewNotification: f5e954d8881fd9808b744e49e024cc0d4bcfe572
  IQTextView: ae13b4922f22e6f027f62c557d9f4f236b19d5c7
  JWNetAutoCache: 434f10855da06d29a381359552ae9d27ef35cad7
  JXSegmentedView: cd73555ce2134d1656db2cb383ba9c2f36fb5078
  KeychainAccess: c0c4f7f38f6fc7bbe58f5702e25f7bd2f65abf51
  Kingfisher: fc2788e497306f97fdef6e4df49f02106cb57788
  KSCrash: ea6fc545b7dbb916a141aaadd4343fb891141290
  LifetimeTracker: e67647bf9130e4173e488689896f057a63de16ec
  LookinServer: 1b2b61c6402ae29fa22182d48f5cd067b4e99e80
  MarqueeLabel: 4b46d196abd253448e830cbd976f9eacc3af0849
  MBProgressHUD: 3ee5efcc380f6a79a7cc9b363dd669c5e1ae7406
  MJRefresh: ff9e531227924c84ce459338414550a05d2aea78
  Moya: 138f0573e53411fb3dc17016add0b748dfbd78ee
  "NSObject+Rx": 61cf1f7306a73dcef8b36649198af0813ec18dfd
  PinLayout: f6c2b63a5a5b24864064e1d15c67de41b4e74748
  R.swift: f573269ca45b2ab066c082e363dd4c2b297b0d71
  RxBlocking: a8b634fba6850913bc3df40bb73fd08b2dbf0f01
  RxCocoa: 2d33c1e1e5d66492052ad46b11024ae287572880
  RxDataSources: aa47cc1ed6c500fa0dfecac5c979b723542d79cf
  RxGesture: f3efb47ed2d26a8082f7b660d4a59970e275a7f8
  RxOptional: 337ba615992ffdeffea02d6a5a242358757bbfcd
  RxRelay: 335c78b926a2aea8d863a6d25f1ed3b5ad8e8705
  RxSwift: 4e28be97cbcfeee614af26d83415febbf2bf6f45
  RxSwiftExt: 43aaacb6a4d3c69c55e9d1cf4f79920043d13583
  RxTheme: be60cb14e0544b3cbd574cc37fed35ba9d61aa1f
  RxViewController: 56486fa0afd629a1d6b5ba077f3b8cd9dc31b5d2
  SFSafeSymbols: c0244d55ef543c7b2c01f3af2d3d2dd9e26dd00c
  SnapKit: d612e99e678a2d3b95bf60b0705ed0a35c03484a
  SSZipArchive: fe6a26b2a54d5a0890f2567b5cc6de5caa600aef
  SVProgressHUD: 4837c74bdfe2e51e8821c397825996a8d7de6e22
  SwiftDate: bbc26e26fc8c0c33fbee8c140c5e8a68293a148a
  TheRouter: 1c7801e4f3df9a2598088d7c3cf4d2f6d3779c51
  Yoga: 636ce73bd247407928a7df089f3bc3675916b3ff

PODFILE CHECKSUM: 9b3f97be63a42564de8862e4ddbc9677acf14602

COCOAPODS: 1.16.2
